// !$*UTF8*$!
{
	archiveVersion = 1;
	classes = {
	};
	objectVersion = 50;
	objects = {

/* Begin PBXBuildFile section */
		130D06E622522ED000AB0E6B /* AppDelegate.swift in Sources */ = {isa = PBXBuildFile; fileRef = 130D06E522522ED000AB0E6B /* AppDelegate.swift */; };
		130D06EB22522ED000AB0E6B /* Main.storyboard in Resources */ = {isa = PBXBuildFile; fileRef = 130D06E922522ED000AB0E6B /* Main.storyboard */; };
		130D06ED22522ED000AB0E6B /* Assets.xcassets in Resources */ = {isa = PBXBuildFile; fileRef = 130D06EC22522ED000AB0E6B /* Assets.xcassets */; };
		130D06F022522ED000AB0E6B /* LaunchScreen.storyboard in Resources */ = {isa = PBXBuildFile; fileRef = 130D06EE22522ED000AB0E6B /* LaunchScreen.storyboard */; };
		130D070622522ED000AB0E6B /* EcoLifeUITests.swift in Sources */ = {isa = PBXBuildFile; fileRef = 130D070522522ED000AB0E6B /* EcoLifeUITests.swift */; };
		130D07142252304500AB0E6B /* GoogleService-Info.plist in Resources */ = {isa = PBXBuildFile; fileRef = 130D07132252304500AB0E6B /* GoogleService-Info.plist */; };
		130D071E22531AAF00AB0E6B /* CustomTabBarController.swift in Sources */ = {isa = PBXBuildFile; fileRef = 130D071D22531AAF00AB0E6B /* CustomTabBarController.swift */; };
		130D072E22537D6F00AB0E6B /* CustomNavigationController.swift in Sources */ = {isa = PBXBuildFile; fileRef = 130D072D22537D6E00AB0E6B /* CustomNavigationController.swift */; };
		130D07302253837800AB0E6B /* MapSearchViewController.swift in Sources */ = {isa = PBXBuildFile; fileRef = 130D072F2253837800AB0E6B /* MapSearchViewController.swift */; };
		1335FFD02255C04E00D0925D /* DataResultViewController.swift in Sources */ = {isa = PBXBuildFile; fileRef = 1335FFCF2255C04E00D0925D /* DataResultViewController.swift */; };
		1335FFD22255ED8300D0925D /* icons8-solar-panel-64.png in Resources */ = {isa = PBXBuildFile; fileRef = 1335FFD12255ED8300D0925D /* icons8-solar-panel-64.png */; };
		1335FFD42255EE0F00D0925D /* icons8-lightning-bolt-64.png in Resources */ = {isa = PBXBuildFile; fileRef = 1335FFD32255EE0F00D0925D /* icons8-lightning-bolt-64.png */; };
		1335FFD62255F83A00D0925D /* icons8-computer-monitor-100.png in Resources */ = {isa = PBXBuildFile; fileRef = 1335FFD52255F83A00D0925D /* icons8-computer-monitor-100.png */; };
		1335FFDA2256CEDF00D0925D /* icons8-bar-chart-100.png in Resources */ = {isa = PBXBuildFile; fileRef = 1335FFD92256CEDF00D0925D /* icons8-bar-chart-100.png */; };
		1335FFDC2256FA4100D0925D /* InstalltionChartViewController.swift in Sources */ = {isa = PBXBuildFile; fileRef = 1335FFDB2256FA4100D0925D /* InstalltionChartViewController.swift */; };
		1335FFE22257336000D0925D /* LineChartFormatter1.swift in Sources */ = {isa = PBXBuildFile; fileRef = 1335FFE12257336000D0925D /* LineChartFormatter1.swift */; };
		1335FFE422574A0800D0925D /* SolarCalcViewController.swift in Sources */ = {isa = PBXBuildFile; fileRef = 1335FFE322574A0800D0925D /* SolarCalcViewController.swift */; };
		1335FFE822582F9100D0925D /* SolarInfoViewController.swift in Sources */ = {isa = PBXBuildFile; fileRef = 1335FFE722582F9100D0925D /* SolarInfoViewController.swift */; };
		1335FFEE22585F5D00D0925D /* Onboarding.storyboard in Resources */ = {isa = PBXBuildFile; fileRef = 1335FFED22585F5D00D0925D /* Onboarding.storyboard */; };
		1335FFF0225866C700D0925D /* WalkthroughContentViewController.swift in Sources */ = {isa = PBXBuildFile; fileRef = 1335FFEF225866C700D0925D /* WalkthroughContentViewController.swift */; };
		1335FFF2225868B600D0925D /* WalkthroughPageViewController.swift in Sources */ = {isa = PBXBuildFile; fileRef = 1335FFF1225868B600D0925D /* WalkthroughPageViewController.swift */; };
		1335FFF422586BD800D0925D /* WalkthroughViewController.swift in Sources */ = {isa = PBXBuildFile; fileRef = 1335FFF322586BD800D0925D /* WalkthroughViewController.swift */; };
		1343C12C225E25B3005775E1 /* CollectionViewCell.swift in Sources */ = {isa = PBXBuildFile; fileRef = 1343C12B225E25B3005775E1 /* CollectionViewCell.swift */; };
		1343C12E225E4293005775E1 /* AnswerViewController.swift in Sources */ = {isa = PBXBuildFile; fileRef = 1343C12D225E4293005775E1 /* AnswerViewController.swift */; };
		1343C130225FA209005775E1 /* SolarCollectionViewController.swift in Sources */ = {isa = PBXBuildFile; fileRef = 1343C12F225FA209005775E1 /* SolarCollectionViewController.swift */; };
		1343C132225FA2A3005775E1 /* SolarCollectionViewCell.swift in Sources */ = {isa = PBXBuildFile; fileRef = 1343C131225FA2A3005775E1 /* SolarCollectionViewCell.swift */; };
		1343C134225FB277005775E1 /* logo_1.png in Resources */ = {isa = PBXBuildFile; fileRef = 1343C133225FB277005775E1 /* logo_1.png */; };
		1396B55B2263821A009F1732 /* ExamplePopupViewController.swift in Sources */ = {isa = PBXBuildFile; fileRef = 1396B55A2263821A009F1732 /* ExamplePopupViewController.swift */; };
		1396B567226384A1009F1732 /* BottomPopupUtils.swift in Sources */ = {isa = PBXBuildFile; fileRef = 1396B55F226384A1009F1732 /* BottomPopupUtils.swift */; };
		1396B568226384A1009F1732 /* BottomPopupViewController.swift in Sources */ = {isa = PBXBuildFile; fileRef = 1396B560226384A1009F1732 /* BottomPopupViewController.swift */; };
		1396B569226384A1009F1732 /* BottomPopupDismissInteractionController.swift in Sources */ = {isa = PBXBuildFile; fileRef = 1396B561226384A1009F1732 /* BottomPopupDismissInteractionController.swift */; };
		1396B56A226384A1009F1732 /* BottomPopupNavigationController.swift in Sources */ = {isa = PBXBuildFile; fileRef = 1396B562226384A1009F1732 /* BottomPopupNavigationController.swift */; };
		1396B56B226384A1009F1732 /* BottomPopupDismissAnimator.swift in Sources */ = {isa = PBXBuildFile; fileRef = 1396B563226384A1009F1732 /* BottomPopupDismissAnimator.swift */; };
		1396B56C226384A1009F1732 /* BottomPopupPresentAnimator.swift in Sources */ = {isa = PBXBuildFile; fileRef = 1396B564226384A1009F1732 /* BottomPopupPresentAnimator.swift */; };
		1396B56D226384A1009F1732 /* BottomPopupTransitionHandler.swift in Sources */ = {isa = PBXBuildFile; fileRef = 1396B565226384A1009F1732 /* BottomPopupTransitionHandler.swift */; };
		1396B56E226384A1009F1732 /* BottomPopupPresentationController.swift in Sources */ = {isa = PBXBuildFile; fileRef = 1396B566226384A1009F1732 /* BottomPopupPresentationController.swift */; };
		1396B572226883B8009F1732 /* GardenCollectionViewCell.swift in Sources */ = {isa = PBXBuildFile; fileRef = 1396B571226883B8009F1732 /* GardenCollectionViewCell.swift */; };
		1396B5752268848C009F1732 /* GardenCollectionViewController.swift in Sources */ = {isa = PBXBuildFile; fileRef = 1396B5742268848C009F1732 /* GardenCollectionViewController.swift */; };
		1396B57722697C16009F1732 /* GardenViewController.swift in Sources */ = {isa = PBXBuildFile; fileRef = 1396B57622697C16009F1732 /* GardenViewController.swift */; };
		1396B57B22698EBE009F1732 /* VegetableViewController.swift in Sources */ = {isa = PBXBuildFile; fileRef = 1396B57A22698EBE009F1732 /* VegetableViewController.swift */; };
		1396B57D2269BEC3009F1732 /* ExpandableNames.swift in Sources */ = {isa = PBXBuildFile; fileRef = 1396B57C2269BEC3009F1732 /* ExpandableNames.swift */; };
		1396B57F226ACC34009F1732 /* VegetableInfoViewController.swift in Sources */ = {isa = PBXBuildFile; fileRef = 1396B57E226ACC34009F1732 /* VegetableInfoViewController.swift */; };
		1396B581226DA8A6009F1732 /* Basil.jpg in Resources */ = {isa = PBXBuildFile; fileRef = 1396B580226DA8A6009F1732 /* Basil.jpg */; };
		1396B5A722702297009F1732 /* Kale.jpg in Resources */ = {isa = PBXBuildFile; fileRef = 1396B58222702281009F1732 /* Kale.jpg */; };
		1396B5A822702297009F1732 /* Brussel Sprouts.jpg in Resources */ = {isa = PBXBuildFile; fileRef = 1396B58322702281009F1732 /* Brussel Sprouts.jpg */; };
		1396B5A922702297009F1732 /* Oregano.jpg in Resources */ = {isa = PBXBuildFile; fileRef = 1396B58422702282009F1732 /* Oregano.jpg */; };
		1396B5AA22702297009F1732 /* Radish.jpg in Resources */ = {isa = PBXBuildFile; fileRef = 1396B58522702283009F1732 /* Radish.jpg */; };
		1396B5AB22702297009F1732 /* Beans.jpg in Resources */ = {isa = PBXBuildFile; fileRef = 1396B58622702283009F1732 /* Beans.jpg */; };
		1396B5AC22702297009F1732 /* Onion.jpg in Resources */ = {isa = PBXBuildFile; fileRef = 1396B58722702284009F1732 /* Onion.jpg */; };
		1396B5AD22702297009F1732 /* Peas.jpg in Resources */ = {isa = PBXBuildFile; fileRef = 1396B58822702284009F1732 /* Peas.jpg */; };
		1396B5AE22702297009F1732 /* Sunflower.jpg in Resources */ = {isa = PBXBuildFile; fileRef = 1396B58922702285009F1732 /* Sunflower.jpg */; };
		1396B5AF22702297009F1732 /* Cucumber.jpg in Resources */ = {isa = PBXBuildFile; fileRef = 1396B58A22702285009F1732 /* Cucumber.jpg */; };
		1396B5B022702297009F1732 /* Eggplant.jpg in Resources */ = {isa = PBXBuildFile; fileRef = 1396B58B22702286009F1732 /* Eggplant.jpg */; };
		1396B5B122702297009F1732 /* Zucchini.jpg in Resources */ = {isa = PBXBuildFile; fileRef = 1396B58C22702287009F1732 /* Zucchini.jpg */; };
		1396B5B222702297009F1732 /* Lettuce.jpg in Resources */ = {isa = PBXBuildFile; fileRef = 1396B58D22702287009F1732 /* Lettuce.jpg */; };
		1396B5B322702297009F1732 /* Broad Beans.jpg in Resources */ = {isa = PBXBuildFile; fileRef = 1396B58E22702288009F1732 /* Broad Beans.jpg */; };
		1396B5B422702297009F1732 /* Leek.jpg in Resources */ = {isa = PBXBuildFile; fileRef = 1396B58F22702288009F1732 /* Leek.jpg */; };
		1396B5B522702297009F1732 /* Beetroot.jpg in Resources */ = {isa = PBXBuildFile; fileRef = 1396B59022702289009F1732 /* Beetroot.jpg */; };
		1396B5B622702297009F1732 /* Capsicum.jpg in Resources */ = {isa = PBXBuildFile; fileRef = 1396B59122702289009F1732 /* Capsicum.jpg */; };
		1396B5B722702297009F1732 /* Spinach.jpg in Resources */ = {isa = PBXBuildFile; fileRef = 1396B5922270228A009F1732 /* Spinach.jpg */; };
		1396B5B822702297009F1732 /* Chilli.jpg in Resources */ = {isa = PBXBuildFile; fileRef = 1396B5932270228B009F1732 /* Chilli.jpg */; };
		1396B5B922702297009F1732 /* Potatoes.jpg in Resources */ = {isa = PBXBuildFile; fileRef = 1396B5942270228B009F1732 /* Potatoes.jpg */; };
		1396B5BA22702297009F1732 /* Corainder.jpg in Resources */ = {isa = PBXBuildFile; fileRef = 1396B5952270228C009F1732 /* Corainder.jpg */; };
		1396B5BB22702297009F1732 /* Carrot.jpg in Resources */ = {isa = PBXBuildFile; fileRef = 1396B5962270228D009F1732 /* Carrot.jpg */; };
		1396B5BC22702297009F1732 /* Mint.jpg in Resources */ = {isa = PBXBuildFile; fileRef = 1396B5972270228D009F1732 /* Mint.jpg */; };
		1396B5BD22702297009F1732 /* Rocket.jpg in Resources */ = {isa = PBXBuildFile; fileRef = 1396B5982270228E009F1732 /* Rocket.jpg */; };
		1396B5BE22702297009F1732 /* Sweet Corn.jpg in Resources */ = {isa = PBXBuildFile; fileRef = 1396B5992270228F009F1732 /* Sweet Corn.jpg */; };
		1396B5BF22702297009F1732 /* Tomato.jpg in Resources */ = {isa = PBXBuildFile; fileRef = 1396B59A2270228F009F1732 /* Tomato.jpg */; };
		1396B5C022702297009F1732 /* Parsley.jpg in Resources */ = {isa = PBXBuildFile; fileRef = 1396B59B2270228F009F1732 /* Parsley.jpg */; };
		1396B5C122702297009F1732 /* Broccoli.jpg in Resources */ = {isa = PBXBuildFile; fileRef = 1396B59C22702290009F1732 /* Broccoli.jpg */; };
		1396B5C222702297009F1732 /* Snow Peas.jpg in Resources */ = {isa = PBXBuildFile; fileRef = 1396B59D22702291009F1732 /* Snow Peas.jpg */; };
		1396B5C322702297009F1732 /* Spring Onion.jpg in Resources */ = {isa = PBXBuildFile; fileRef = 1396B59E22702291009F1732 /* Spring Onion.jpg */; };
		1396B5C422702297009F1732 /* Garlic.jpg in Resources */ = {isa = PBXBuildFile; fileRef = 1396B59F22702292009F1732 /* Garlic.jpg */; };
		1396B5C522702297009F1732 /* Pumpkin.jpg in Resources */ = {isa = PBXBuildFile; fileRef = 1396B5A022702293009F1732 /* Pumpkin.jpg */; };
		1396B5C622702297009F1732 /* Cabbage.jpg in Resources */ = {isa = PBXBuildFile; fileRef = 1396B5A122702294009F1732 /* Cabbage.jpg */; };
		1396B5C722702297009F1732 /* Pak Choy.jpg in Resources */ = {isa = PBXBuildFile; fileRef = 1396B5A222702294009F1732 /* Pak Choy.jpg */; };
		1396B5C822702297009F1732 /* Cauliflower.jpg in Resources */ = {isa = PBXBuildFile; fileRef = 1396B5A322702295009F1732 /* Cauliflower.jpg */; };
		1396B5C922702297009F1732 /* Chives.jpg in Resources */ = {isa = PBXBuildFile; fileRef = 1396B5A422702295009F1732 /* Chives.jpg */; };
		1396B5CA22702297009F1732 /* Silverbeet.jpg in Resources */ = {isa = PBXBuildFile; fileRef = 1396B5A522702296009F1732 /* Silverbeet.jpg */; };
		1396B5CB22702297009F1732 /* Corn.jpg in Resources */ = {isa = PBXBuildFile; fileRef = 1396B5A622702297009F1732 /* Corn.jpg */; };
		1396B5CD227153A7009F1732 /* CustomCell.swift in Sources */ = {isa = PBXBuildFile; fileRef = 1396B5CC227153A7009F1732 /* CustomCell.swift */; };
		1396B5CF2271AFFD009F1732 /* CompostQuizViewController.swift in Sources */ = {isa = PBXBuildFile; fileRef = 1396B5CE2271AFFD009F1732 /* CompostQuizViewController.swift */; };
		1396B5D12271B058009F1732 /* QuizVC.swift in Sources */ = {isa = PBXBuildFile; fileRef = 1396B5D02271B058009F1732 /* QuizVC.swift */; };
		1396B5D32271B08E009F1732 /* QuizCVCell.swift in Sources */ = {isa = PBXBuildFile; fileRef = 1396B5D22271B08E009F1732 /* QuizCVCell.swift */; };
		1396B5D52271B0AC009F1732 /* ResultVC.swift in Sources */ = {isa = PBXBuildFile; fileRef = 1396B5D42271B0AC009F1732 /* ResultVC.swift */; };
		1396B5D92271E6FF009F1732 /* VegetableGrowingViewController.swift in Sources */ = {isa = PBXBuildFile; fileRef = 1396B5D82271E6FF009F1732 /* VegetableGrowingViewController.swift */; };
		1396B5DB2271E735009F1732 /* VegetableSowingViewController.swift in Sources */ = {isa = PBXBuildFile; fileRef = 1396B5DA2271E735009F1732 /* VegetableSowingViewController.swift */; };
		13EC2063225C365200E254BE /* icons8-help-32.png in Resources */ = {isa = PBXBuildFile; fileRef = 13EC2062225C365200E254BE /* icons8-help-32.png */; };
		13EC2065225C52FF00E254BE /* CustomAlertViewController.swift in Sources */ = {isa = PBXBuildFile; fileRef = 13EC2064225C52FF00E254BE /* CustomAlertViewController.swift */; };
		13EC206A225CCA0100E254BE /* LineChartFormatter2.swift in Sources */ = {isa = PBXBuildFile; fileRef = 13EC2069225CCA0100E254BE /* LineChartFormatter2.swift */; };
		13EC206C225CCA1300E254BE /* LineChartFormatter3.swift in Sources */ = {isa = PBXBuildFile; fileRef = 13EC206B225CCA1300E254BE /* LineChartFormatter3.swift */; };
		13EC206E225CCA2500E254BE /* LineChartFormatter4.swift in Sources */ = {isa = PBXBuildFile; fileRef = 13EC206D225CCA2500E254BE /* LineChartFormatter4.swift */; };
		13EC2070225CCA3100E254BE /* LineChartFormatter5.swift in Sources */ = {isa = PBXBuildFile; fileRef = 13EC206F225CCA3100E254BE /* LineChartFormatter5.swift */; };
		13EC2072225CCA3B00E254BE /* LineChartFormatter6.swift in Sources */ = {isa = PBXBuildFile; fileRef = 13EC2071225CCA3B00E254BE /* LineChartFormatter6.swift */; };
		13EC2082225CD8ED00E254BE /* knowyourarea.png in Resources */ = {isa = PBXBuildFile; fileRef = 13EC207F225CD8EB00E254BE /* knowyourarea.png */; };
		13EC2083225CD8ED00E254BE /* roicalculator.png in Resources */ = {isa = PBXBuildFile; fileRef = 13EC2080225CD8EC00E254BE /* roicalculator.png */; };
		13EC2084225CD8ED00E254BE /* solarpedia.png in Resources */ = {isa = PBXBuildFile; fileRef = 13EC2081225CD8EC00E254BE /* solarpedia.png */; };
		13EC2086225CEE4B00E254BE /* SolarSecondCalcViewController.swift in Sources */ = {isa = PBXBuildFile; fileRef = 13EC2085225CEE4B00E254BE /* SolarSecondCalcViewController.swift */; };
		13EC2088225D0C1700E254BE /* SolarCalcResultViewController.swift in Sources */ = {isa = PBXBuildFile; fileRef = 13EC2087225D0C1700E254BE /* SolarCalcResultViewController.swift */; };
		5419AEE7B86B07A434B42D19 /* Pods_EcoLifeUITests.framework in Frameworks */ = {isa = PBXBuildFile; fileRef = 0BA5813A5B8E62F2DF7547B4 /* Pods_EcoLifeUITests.framework */; };
		9A72BF6174D0341CB579CB7A /* Pods_EcoLifeTests.framework in Frameworks */ = {isa = PBXBuildFile; fileRef = EE5E48AF0BF9A7038B02FA66 /* Pods_EcoLifeTests.framework */; };
		C2578B0C18EC4A10B1C0070D /* Pods_EcoLife.framework in Frameworks */ = {isa = PBXBuildFile; fileRef = 7779D6C427C3C9DE54588927 /* Pods_EcoLife.framework */; };
/* End PBXBuildFile section */

/* Begin PBXContainerItemProxy section */
		130D06F722522ED000AB0E6B /* PBXContainerItemProxy */ = {
			isa = PBXContainerItemProxy;
			containerPortal = 130D06DA22522ECF00AB0E6B /* Project object */;
			proxyType = 1;
			remoteGlobalIDString = 130D06E122522ECF00AB0E6B;
			remoteInfo = foursigma;
		};
		130D070222522ED000AB0E6B /* PBXContainerItemProxy */ = {
			isa = PBXContainerItemProxy;
			containerPortal = 130D06DA22522ECF00AB0E6B /* Project object */;
			proxyType = 1;
			remoteGlobalIDString = 130D06E122522ECF00AB0E6B;
			remoteInfo = foursigma;
		};
/* End PBXContainerItemProxy section */

/* Begin PBXFileReference section */
		0BA5813A5B8E62F2DF7547B4 /* Pods_EcoLifeUITests.framework */ = {isa = PBXFileReference; explicitFileType = wrapper.framework; includeInIndex = 0; path = Pods_EcoLifeUITests.framework; sourceTree = BUILT_PRODUCTS_DIR; };
		130D06E222522ED000AB0E6B /* EcoLife.app */ = {isa = PBXFileReference; explicitFileType = wrapper.application; includeInIndex = 0; path = EcoLife.app; sourceTree = BUILT_PRODUCTS_DIR; };
		130D06E522522ED000AB0E6B /* AppDelegate.swift */ = {isa = PBXFileReference; lastKnownFileType = sourcecode.swift; path = AppDelegate.swift; sourceTree = "<group>"; };
		130D06EA22522ED000AB0E6B /* Base */ = {isa = PBXFileReference; lastKnownFileType = file.storyboard; name = Base; path = Base.lproj/Main.storyboard; sourceTree = "<group>"; };
		130D06EC22522ED000AB0E6B /* Assets.xcassets */ = {isa = PBXFileReference; lastKnownFileType = folder.assetcatalog; path = Assets.xcassets; sourceTree = "<group>"; };
		130D06EF22522ED000AB0E6B /* Base */ = {isa = PBXFileReference; lastKnownFileType = file.storyboard; name = Base; path = Base.lproj/LaunchScreen.storyboard; sourceTree = "<group>"; };
		130D06F122522ED000AB0E6B /* Info.plist */ = {isa = PBXFileReference; lastKnownFileType = text.plist.xml; path = Info.plist; sourceTree = "<group>"; };
		130D06F622522ED000AB0E6B /* EcoLifeTests.xctest */ = {isa = PBXFileReference; explicitFileType = wrapper.cfbundle; includeInIndex = 0; path = EcoLifeTests.xctest; sourceTree = BUILT_PRODUCTS_DIR; };
		130D06FA22522ED000AB0E6B /* EcoLifeTests.swift */ = {isa = PBXFileReference; lastKnownFileType = sourcecode.swift; path = EcoLifeTests.swift; sourceTree = "<group>"; };
		130D06FC22522ED000AB0E6B /* Info.plist */ = {isa = PBXFileReference; lastKnownFileType = text.plist.xml; path = Info.plist; sourceTree = "<group>"; };
		130D070122522ED000AB0E6B /* EcoLifeUITests.xctest */ = {isa = PBXFileReference; explicitFileType = wrapper.cfbundle; includeInIndex = 0; path = EcoLifeUITests.xctest; sourceTree = BUILT_PRODUCTS_DIR; };
		130D070522522ED000AB0E6B /* EcoLifeUITests.swift */ = {isa = PBXFileReference; lastKnownFileType = sourcecode.swift; path = EcoLifeUITests.swift; sourceTree = "<group>"; };
		130D070722522ED000AB0E6B /* Info.plist */ = {isa = PBXFileReference; lastKnownFileType = text.plist.xml; path = Info.plist; sourceTree = "<group>"; };
		130D07132252304500AB0E6B /* GoogleService-Info.plist */ = {isa = PBXFileReference; fileEncoding = 4; lastKnownFileType = text.plist.xml; path = "GoogleService-Info.plist"; sourceTree = "<group>"; };
		130D071D22531AAF00AB0E6B /* CustomTabBarController.swift */ = {isa = PBXFileReference; lastKnownFileType = sourcecode.swift; path = CustomTabBarController.swift; sourceTree = "<group>"; };
		130D072D22537D6E00AB0E6B /* CustomNavigationController.swift */ = {isa = PBXFileReference; lastKnownFileType = sourcecode.swift; path = CustomNavigationController.swift; sourceTree = "<group>"; };
		130D072F2253837800AB0E6B /* MapSearchViewController.swift */ = {isa = PBXFileReference; lastKnownFileType = sourcecode.swift; path = MapSearchViewController.swift; sourceTree = "<group>"; };
		1335FFCF2255C04E00D0925D /* DataResultViewController.swift */ = {isa = PBXFileReference; lastKnownFileType = sourcecode.swift; path = DataResultViewController.swift; sourceTree = "<group>"; };
		1335FFD12255ED8300D0925D /* icons8-solar-panel-64.png */ = {isa = PBXFileReference; lastKnownFileType = image.png; path = "icons8-solar-panel-64.png"; sourceTree = "<group>"; };
		1335FFD32255EE0F00D0925D /* icons8-lightning-bolt-64.png */ = {isa = PBXFileReference; lastKnownFileType = image.png; path = "icons8-lightning-bolt-64.png"; sourceTree = "<group>"; };
		1335FFD52255F83A00D0925D /* icons8-computer-monitor-100.png */ = {isa = PBXFileReference; lastKnownFileType = image.png; path = "icons8-computer-monitor-100.png"; sourceTree = "<group>"; };
		1335FFD92256CEDF00D0925D /* icons8-bar-chart-100.png */ = {isa = PBXFileReference; lastKnownFileType = image.png; path = "icons8-bar-chart-100.png"; sourceTree = "<group>"; };
		1335FFDB2256FA4100D0925D /* InstalltionChartViewController.swift */ = {isa = PBXFileReference; lastKnownFileType = sourcecode.swift; path = InstalltionChartViewController.swift; sourceTree = "<group>"; };
		1335FFE12257336000D0925D /* LineChartFormatter1.swift */ = {isa = PBXFileReference; lastKnownFileType = sourcecode.swift; name = LineChartFormatter1.swift; path = ../LineChartFormatter1.swift; sourceTree = "<group>"; };
		1335FFE322574A0800D0925D /* SolarCalcViewController.swift */ = {isa = PBXFileReference; lastKnownFileType = sourcecode.swift; path = SolarCalcViewController.swift; sourceTree = "<group>"; };
		1335FFE722582F9100D0925D /* SolarInfoViewController.swift */ = {isa = PBXFileReference; lastKnownFileType = sourcecode.swift; path = SolarInfoViewController.swift; sourceTree = "<group>"; };
		1335FFED22585F5D00D0925D /* Onboarding.storyboard */ = {isa = PBXFileReference; lastKnownFileType = file.storyboard; path = Onboarding.storyboard; sourceTree = "<group>"; };
		1335FFEF225866C700D0925D /* WalkthroughContentViewController.swift */ = {isa = PBXFileReference; lastKnownFileType = sourcecode.swift; name = WalkthroughContentViewController.swift; path = ../WalkthroughContentViewController.swift; sourceTree = "<group>"; };
		1335FFF1225868B600D0925D /* WalkthroughPageViewController.swift */ = {isa = PBXFileReference; lastKnownFileType = sourcecode.swift; path = WalkthroughPageViewController.swift; sourceTree = "<group>"; };
		1335FFF322586BD800D0925D /* WalkthroughViewController.swift */ = {isa = PBXFileReference; lastKnownFileType = sourcecode.swift; name = WalkthroughViewController.swift; path = ../WalkthroughViewController.swift; sourceTree = "<group>"; };
		1343C12B225E25B3005775E1 /* CollectionViewCell.swift */ = {isa = PBXFileReference; lastKnownFileType = sourcecode.swift; path = CollectionViewCell.swift; sourceTree = "<group>"; };
		1343C12D225E4293005775E1 /* AnswerViewController.swift */ = {isa = PBXFileReference; lastKnownFileType = sourcecode.swift; path = AnswerViewController.swift; sourceTree = "<group>"; };
		1343C12F225FA209005775E1 /* SolarCollectionViewController.swift */ = {isa = PBXFileReference; lastKnownFileType = sourcecode.swift; path = SolarCollectionViewController.swift; sourceTree = "<group>"; };
		1343C131225FA2A3005775E1 /* SolarCollectionViewCell.swift */ = {isa = PBXFileReference; lastKnownFileType = sourcecode.swift; path = SolarCollectionViewCell.swift; sourceTree = "<group>"; };
		1343C133225FB277005775E1 /* logo_1.png */ = {isa = PBXFileReference; lastKnownFileType = image.png; name = logo_1.png; path = ../Storyboards/logo_1.png; sourceTree = "<group>"; };
		1396B55A2263821A009F1732 /* ExamplePopupViewController.swift */ = {isa = PBXFileReference; lastKnownFileType = sourcecode.swift; path = ExamplePopupViewController.swift; sourceTree = "<group>"; };
		1396B55F226384A1009F1732 /* BottomPopupUtils.swift */ = {isa = PBXFileReference; fileEncoding = 4; lastKnownFileType = sourcecode.swift; path = BottomPopupUtils.swift; sourceTree = "<group>"; };
		1396B560226384A1009F1732 /* BottomPopupViewController.swift */ = {isa = PBXFileReference; fileEncoding = 4; lastKnownFileType = sourcecode.swift; path = BottomPopupViewController.swift; sourceTree = "<group>"; };
		1396B561226384A1009F1732 /* BottomPopupDismissInteractionController.swift */ = {isa = PBXFileReference; fileEncoding = 4; lastKnownFileType = sourcecode.swift; path = BottomPopupDismissInteractionController.swift; sourceTree = "<group>"; };
		1396B562226384A1009F1732 /* BottomPopupNavigationController.swift */ = {isa = PBXFileReference; fileEncoding = 4; lastKnownFileType = sourcecode.swift; path = BottomPopupNavigationController.swift; sourceTree = "<group>"; };
		1396B563226384A1009F1732 /* BottomPopupDismissAnimator.swift */ = {isa = PBXFileReference; fileEncoding = 4; lastKnownFileType = sourcecode.swift; path = BottomPopupDismissAnimator.swift; sourceTree = "<group>"; };
		1396B564226384A1009F1732 /* BottomPopupPresentAnimator.swift */ = {isa = PBXFileReference; fileEncoding = 4; lastKnownFileType = sourcecode.swift; path = BottomPopupPresentAnimator.swift; sourceTree = "<group>"; };
		1396B565226384A1009F1732 /* BottomPopupTransitionHandler.swift */ = {isa = PBXFileReference; fileEncoding = 4; lastKnownFileType = sourcecode.swift; path = BottomPopupTransitionHandler.swift; sourceTree = "<group>"; };
		1396B566226384A1009F1732 /* BottomPopupPresentationController.swift */ = {isa = PBXFileReference; fileEncoding = 4; lastKnownFileType = sourcecode.swift; path = BottomPopupPresentationController.swift; sourceTree = "<group>"; };
		1396B571226883B8009F1732 /* GardenCollectionViewCell.swift */ = {isa = PBXFileReference; lastKnownFileType = sourcecode.swift; path = GardenCollectionViewCell.swift; sourceTree = "<group>"; };
		1396B5742268848C009F1732 /* GardenCollectionViewController.swift */ = {isa = PBXFileReference; lastKnownFileType = sourcecode.swift; path = GardenCollectionViewController.swift; sourceTree = "<group>"; };
		1396B57622697C16009F1732 /* GardenViewController.swift */ = {isa = PBXFileReference; lastKnownFileType = sourcecode.swift; path = GardenViewController.swift; sourceTree = "<group>"; };
		1396B57A22698EBE009F1732 /* VegetableViewController.swift */ = {isa = PBXFileReference; lastKnownFileType = sourcecode.swift; path = VegetableViewController.swift; sourceTree = "<group>"; };
		1396B57C2269BEC3009F1732 /* ExpandableNames.swift */ = {isa = PBXFileReference; lastKnownFileType = sourcecode.swift; path = ExpandableNames.swift; sourceTree = "<group>"; };
		1396B57E226ACC34009F1732 /* VegetableInfoViewController.swift */ = {isa = PBXFileReference; lastKnownFileType = sourcecode.swift; path = VegetableInfoViewController.swift; sourceTree = "<group>"; };
		1396B580226DA8A6009F1732 /* Basil.jpg */ = {isa = PBXFileReference; lastKnownFileType = image.jpeg; path = Basil.jpg; sourceTree = "<group>"; };
		1396B58222702281009F1732 /* Kale.jpg */ = {isa = PBXFileReference; lastKnownFileType = image.jpeg; path = Kale.jpg; sourceTree = "<group>"; };
		1396B58322702281009F1732 /* Brussel Sprouts.jpg */ = {isa = PBXFileReference; lastKnownFileType = image.jpeg; path = "Brussel Sprouts.jpg"; sourceTree = "<group>"; };
		1396B58422702282009F1732 /* Oregano.jpg */ = {isa = PBXFileReference; lastKnownFileType = image.jpeg; path = Oregano.jpg; sourceTree = "<group>"; };
		1396B58522702283009F1732 /* Radish.jpg */ = {isa = PBXFileReference; lastKnownFileType = image.jpeg; path = Radish.jpg; sourceTree = "<group>"; };
		1396B58622702283009F1732 /* Beans.jpg */ = {isa = PBXFileReference; lastKnownFileType = image.jpeg; path = Beans.jpg; sourceTree = "<group>"; };
		1396B58722702284009F1732 /* Onion.jpg */ = {isa = PBXFileReference; lastKnownFileType = image.jpeg; path = Onion.jpg; sourceTree = "<group>"; };
		1396B58822702284009F1732 /* Peas.jpg */ = {isa = PBXFileReference; lastKnownFileType = image.jpeg; path = Peas.jpg; sourceTree = "<group>"; };
		1396B58922702285009F1732 /* Sunflower.jpg */ = {isa = PBXFileReference; lastKnownFileType = image.jpeg; path = Sunflower.jpg; sourceTree = "<group>"; };
		1396B58A22702285009F1732 /* Cucumber.jpg */ = {isa = PBXFileReference; lastKnownFileType = image.jpeg; path = Cucumber.jpg; sourceTree = "<group>"; };
		1396B58B22702286009F1732 /* Eggplant.jpg */ = {isa = PBXFileReference; lastKnownFileType = image.jpeg; path = Eggplant.jpg; sourceTree = "<group>"; };
		1396B58C22702287009F1732 /* Zucchini.jpg */ = {isa = PBXFileReference; lastKnownFileType = image.jpeg; path = Zucchini.jpg; sourceTree = "<group>"; };
		1396B58D22702287009F1732 /* Lettuce.jpg */ = {isa = PBXFileReference; lastKnownFileType = image.jpeg; path = Lettuce.jpg; sourceTree = "<group>"; };
		1396B58E22702288009F1732 /* Broad Beans.jpg */ = {isa = PBXFileReference; lastKnownFileType = image.jpeg; path = "Broad Beans.jpg"; sourceTree = "<group>"; };
		1396B58F22702288009F1732 /* Leek.jpg */ = {isa = PBXFileReference; lastKnownFileType = image.jpeg; path = Leek.jpg; sourceTree = "<group>"; };
		1396B59022702289009F1732 /* Beetroot.jpg */ = {isa = PBXFileReference; lastKnownFileType = image.jpeg; path = Beetroot.jpg; sourceTree = "<group>"; };
		1396B59122702289009F1732 /* Capsicum.jpg */ = {isa = PBXFileReference; lastKnownFileType = image.jpeg; path = Capsicum.jpg; sourceTree = "<group>"; };
		1396B5922270228A009F1732 /* Spinach.jpg */ = {isa = PBXFileReference; lastKnownFileType = image.jpeg; path = Spinach.jpg; sourceTree = "<group>"; };
		1396B5932270228B009F1732 /* Chilli.jpg */ = {isa = PBXFileReference; lastKnownFileType = image.jpeg; path = Chilli.jpg; sourceTree = "<group>"; };
		1396B5942270228B009F1732 /* Potatoes.jpg */ = {isa = PBXFileReference; lastKnownFileType = image.jpeg; path = Potatoes.jpg; sourceTree = "<group>"; };
		1396B5952270228C009F1732 /* Corainder.jpg */ = {isa = PBXFileReference; lastKnownFileType = image.jpeg; path = Corainder.jpg; sourceTree = "<group>"; };
		1396B5962270228D009F1732 /* Carrot.jpg */ = {isa = PBXFileReference; lastKnownFileType = image.jpeg; path = Carrot.jpg; sourceTree = "<group>"; };
		1396B5972270228D009F1732 /* Mint.jpg */ = {isa = PBXFileReference; lastKnownFileType = image.jpeg; path = Mint.jpg; sourceTree = "<group>"; };
		1396B5982270228E009F1732 /* Rocket.jpg */ = {isa = PBXFileReference; lastKnownFileType = image.jpeg; path = Rocket.jpg; sourceTree = "<group>"; };
		1396B5992270228F009F1732 /* Sweet Corn.jpg */ = {isa = PBXFileReference; lastKnownFileType = image.jpeg; path = "Sweet Corn.jpg"; sourceTree = "<group>"; };
		1396B59A2270228F009F1732 /* Tomato.jpg */ = {isa = PBXFileReference; lastKnownFileType = image.jpeg; path = Tomato.jpg; sourceTree = "<group>"; };
		1396B59B2270228F009F1732 /* Parsley.jpg */ = {isa = PBXFileReference; lastKnownFileType = image.jpeg; path = Parsley.jpg; sourceTree = "<group>"; };
		1396B59C22702290009F1732 /* Broccoli.jpg */ = {isa = PBXFileReference; lastKnownFileType = image.jpeg; path = Broccoli.jpg; sourceTree = "<group>"; };
		1396B59D22702291009F1732 /* Snow Peas.jpg */ = {isa = PBXFileReference; lastKnownFileType = image.jpeg; path = "Snow Peas.jpg"; sourceTree = "<group>"; };
		1396B59E22702291009F1732 /* Spring Onion.jpg */ = {isa = PBXFileReference; lastKnownFileType = image.jpeg; path = "Spring Onion.jpg"; sourceTree = "<group>"; };
		1396B59F22702292009F1732 /* Garlic.jpg */ = {isa = PBXFileReference; lastKnownFileType = image.jpeg; path = Garlic.jpg; sourceTree = "<group>"; };
		1396B5A022702293009F1732 /* Pumpkin.jpg */ = {isa = PBXFileReference; lastKnownFileType = image.jpeg; path = Pumpkin.jpg; sourceTree = "<group>"; };
		1396B5A122702294009F1732 /* Cabbage.jpg */ = {isa = PBXFileReference; lastKnownFileType = image.jpeg; path = Cabbage.jpg; sourceTree = "<group>"; };
		1396B5A222702294009F1732 /* Pak Choy.jpg */ = {isa = PBXFileReference; lastKnownFileType = image.jpeg; path = "Pak Choy.jpg"; sourceTree = "<group>"; };
		1396B5A322702295009F1732 /* Cauliflower.jpg */ = {isa = PBXFileReference; lastKnownFileType = image.jpeg; path = Cauliflower.jpg; sourceTree = "<group>"; };
		1396B5A422702295009F1732 /* Chives.jpg */ = {isa = PBXFileReference; lastKnownFileType = image.jpeg; path = Chives.jpg; sourceTree = "<group>"; };
		1396B5A522702296009F1732 /* Silverbeet.jpg */ = {isa = PBXFileReference; lastKnownFileType = image.jpeg; path = Silverbeet.jpg; sourceTree = "<group>"; };
		1396B5A622702297009F1732 /* Corn.jpg */ = {isa = PBXFileReference; lastKnownFileType = image.jpeg; path = Corn.jpg; sourceTree = "<group>"; };
		1396B5CC227153A7009F1732 /* CustomCell.swift */ = {isa = PBXFileReference; lastKnownFileType = sourcecode.swift; path = CustomCell.swift; sourceTree = "<group>"; };
		1396B5CE2271AFFD009F1732 /* CompostQuizViewController.swift */ = {isa = PBXFileReference; lastKnownFileType = sourcecode.swift; path = CompostQuizViewController.swift; sourceTree = "<group>"; };
		1396B5D02271B058009F1732 /* QuizVC.swift */ = {isa = PBXFileReference; lastKnownFileType = sourcecode.swift; path = QuizVC.swift; sourceTree = "<group>"; };
		1396B5D22271B08E009F1732 /* QuizCVCell.swift */ = {isa = PBXFileReference; lastKnownFileType = sourcecode.swift; path = QuizCVCell.swift; sourceTree = "<group>"; };
		1396B5D42271B0AC009F1732 /* ResultVC.swift */ = {isa = PBXFileReference; lastKnownFileType = sourcecode.swift; path = ResultVC.swift; sourceTree = "<group>"; };
		1396B5D82271E6FF009F1732 /* VegetableGrowingViewController.swift */ = {isa = PBXFileReference; lastKnownFileType = sourcecode.swift; path = VegetableGrowingViewController.swift; sourceTree = "<group>"; };
		1396B5DA2271E735009F1732 /* VegetableSowingViewController.swift */ = {isa = PBXFileReference; lastKnownFileType = sourcecode.swift; path = VegetableSowingViewController.swift; sourceTree = "<group>"; };
		13EC2062225C365200E254BE /* icons8-help-32.png */ = {isa = PBXFileReference; lastKnownFileType = image.png; path = "icons8-help-32.png"; sourceTree = "<group>"; };
		13EC2064225C52FF00E254BE /* CustomAlertViewController.swift */ = {isa = PBXFileReference; fileEncoding = 4; lastKnownFileType = sourcecode.swift; path = CustomAlertViewController.swift; sourceTree = "<group>"; };
		13EC2069225CCA0100E254BE /* LineChartFormatter2.swift */ = {isa = PBXFileReference; lastKnownFileType = sourcecode.swift; path = LineChartFormatter2.swift; sourceTree = "<group>"; };
		13EC206B225CCA1300E254BE /* LineChartFormatter3.swift */ = {isa = PBXFileReference; lastKnownFileType = sourcecode.swift; path = LineChartFormatter3.swift; sourceTree = "<group>"; };
		13EC206D225CCA2500E254BE /* LineChartFormatter4.swift */ = {isa = PBXFileReference; lastKnownFileType = sourcecode.swift; path = LineChartFormatter4.swift; sourceTree = "<group>"; };
		13EC206F225CCA3100E254BE /* LineChartFormatter5.swift */ = {isa = PBXFileReference; lastKnownFileType = sourcecode.swift; path = LineChartFormatter5.swift; sourceTree = "<group>"; };
		13EC2071225CCA3B00E254BE /* LineChartFormatter6.swift */ = {isa = PBXFileReference; lastKnownFileType = sourcecode.swift; path = LineChartFormatter6.swift; sourceTree = "<group>"; };
		13EC207F225CD8EB00E254BE /* knowyourarea.png */ = {isa = PBXFileReference; lastKnownFileType = image.png; path = knowyourarea.png; sourceTree = "<group>"; };
		13EC2080225CD8EC00E254BE /* roicalculator.png */ = {isa = PBXFileReference; lastKnownFileType = image.png; path = roicalculator.png; sourceTree = "<group>"; };
		13EC2081225CD8EC00E254BE /* solarpedia.png */ = {isa = PBXFileReference; lastKnownFileType = image.png; path = solarpedia.png; sourceTree = "<group>"; };
		13EC2085225CEE4B00E254BE /* SolarSecondCalcViewController.swift */ = {isa = PBXFileReference; lastKnownFileType = sourcecode.swift; path = SolarSecondCalcViewController.swift; sourceTree = "<group>"; };
		13EC2087225D0C1700E254BE /* SolarCalcResultViewController.swift */ = {isa = PBXFileReference; lastKnownFileType = sourcecode.swift; path = SolarCalcResultViewController.swift; sourceTree = "<group>"; };
		198158023ED543CF933EB36C /* Pods-EcoLifeUITests.debug.xcconfig */ = {isa = PBXFileReference; includeInIndex = 1; lastKnownFileType = text.xcconfig; name = "Pods-EcoLifeUITests.debug.xcconfig"; path = "Pods/Target Support Files/Pods-EcoLifeUITests/Pods-EcoLifeUITests.debug.xcconfig"; sourceTree = "<group>"; };
		28FC2A1BB320CBA27FB2560F /* Pods-foursigmaUITests.debug.xcconfig */ = {isa = PBXFileReference; includeInIndex = 1; lastKnownFileType = text.xcconfig; name = "Pods-foursigmaUITests.debug.xcconfig"; path = "Pods/Target Support Files/Pods-foursigmaUITests/Pods-foursigmaUITests.debug.xcconfig"; sourceTree = "<group>"; };
		488B2547A7CF325FB7F9F266 /* Pods-foursigmaTests.debug.xcconfig */ = {isa = PBXFileReference; includeInIndex = 1; lastKnownFileType = text.xcconfig; name = "Pods-foursigmaTests.debug.xcconfig"; path = "Pods/Target Support Files/Pods-foursigmaTests/Pods-foursigmaTests.debug.xcconfig"; sourceTree = "<group>"; };
		6307286961E79B314F4E6240 /* Pods-foursigmaUITests.release.xcconfig */ = {isa = PBXFileReference; includeInIndex = 1; lastKnownFileType = text.xcconfig; name = "Pods-foursigmaUITests.release.xcconfig"; path = "Pods/Target Support Files/Pods-foursigmaUITests/Pods-foursigmaUITests.release.xcconfig"; sourceTree = "<group>"; };
		674F46B073B2B2B10EF6091D /* Pods-foursigma.debug.xcconfig */ = {isa = PBXFileReference; includeInIndex = 1; lastKnownFileType = text.xcconfig; name = "Pods-foursigma.debug.xcconfig"; path = "Pods/Target Support Files/Pods-foursigma/Pods-foursigma.debug.xcconfig"; sourceTree = "<group>"; };
		7779D6C427C3C9DE54588927 /* Pods_EcoLife.framework */ = {isa = PBXFileReference; explicitFileType = wrapper.framework; includeInIndex = 0; path = Pods_EcoLife.framework; sourceTree = BUILT_PRODUCTS_DIR; };
		778D4724FDF2715E9D2772DF /* Pods-foursigma.release.xcconfig */ = {isa = PBXFileReference; includeInIndex = 1; lastKnownFileType = text.xcconfig; name = "Pods-foursigma.release.xcconfig"; path = "Pods/Target Support Files/Pods-foursigma/Pods-foursigma.release.xcconfig"; sourceTree = "<group>"; };
		869D7746F0BF3A217A5EB10D /* Pods-EcoLifeTests.debug.xcconfig */ = {isa = PBXFileReference; includeInIndex = 1; lastKnownFileType = text.xcconfig; name = "Pods-EcoLifeTests.debug.xcconfig"; path = "Pods/Target Support Files/Pods-EcoLifeTests/Pods-EcoLifeTests.debug.xcconfig"; sourceTree = "<group>"; };
		9D431D2DE86A1A51E86F0FB1 /* Pods-EcoLife.debug.xcconfig */ = {isa = PBXFileReference; includeInIndex = 1; lastKnownFileType = text.xcconfig; name = "Pods-EcoLife.debug.xcconfig"; path = "Pods/Target Support Files/Pods-EcoLife/Pods-EcoLife.debug.xcconfig"; sourceTree = "<group>"; };
		9E855E96DC2D4ED70DD51D14 /* Pods-EcoLifeUITests.release.xcconfig */ = {isa = PBXFileReference; includeInIndex = 1; lastKnownFileType = text.xcconfig; name = "Pods-EcoLifeUITests.release.xcconfig"; path = "Pods/Target Support Files/Pods-EcoLifeUITests/Pods-EcoLifeUITests.release.xcconfig"; sourceTree = "<group>"; };
		B7477A8D07494532231CE18C /* Pods-EcoLife.release.xcconfig */ = {isa = PBXFileReference; includeInIndex = 1; lastKnownFileType = text.xcconfig; name = "Pods-EcoLife.release.xcconfig"; path = "Pods/Target Support Files/Pods-EcoLife/Pods-EcoLife.release.xcconfig"; sourceTree = "<group>"; };
		E640CBA5F01E6FD170A9E2FC /* Pods-foursigmaTests.release.xcconfig */ = {isa = PBXFileReference; includeInIndex = 1; lastKnownFileType = text.xcconfig; name = "Pods-foursigmaTests.release.xcconfig"; path = "Pods/Target Support Files/Pods-foursigmaTests/Pods-foursigmaTests.release.xcconfig"; sourceTree = "<group>"; };
		E8562CFEEC53CB98F9F4111F /* Pods-EcoLifeTests.release.xcconfig */ = {isa = PBXFileReference; includeInIndex = 1; lastKnownFileType = text.xcconfig; name = "Pods-EcoLifeTests.release.xcconfig"; path = "Pods/Target Support Files/Pods-EcoLifeTests/Pods-EcoLifeTests.release.xcconfig"; sourceTree = "<group>"; };
		EE5E48AF0BF9A7038B02FA66 /* Pods_EcoLifeTests.framework */ = {isa = PBXFileReference; explicitFileType = wrapper.framework; includeInIndex = 0; path = Pods_EcoLifeTests.framework; sourceTree = BUILT_PRODUCTS_DIR; };
/* End PBXFileReference section */

/* Begin PBXFrameworksBuildPhase section */
		130D06DF22522ECF00AB0E6B /* Frameworks */ = {
			isa = PBXFrameworksBuildPhase;
			buildActionMask = 2147483647;
			files = (
				C2578B0C18EC4A10B1C0070D /* Pods_EcoLife.framework in Frameworks */,
			);
			runOnlyForDeploymentPostprocessing = 0;
		};
		130D06F322522ED000AB0E6B /* Frameworks */ = {
			isa = PBXFrameworksBuildPhase;
			buildActionMask = 2147483647;
			files = (
				9A72BF6174D0341CB579CB7A /* Pods_EcoLifeTests.framework in Frameworks */,
			);
			runOnlyForDeploymentPostprocessing = 0;
		};
		130D06FE22522ED000AB0E6B /* Frameworks */ = {
			isa = PBXFrameworksBuildPhase;
			buildActionMask = 2147483647;
			files = (
				5419AEE7B86B07A434B42D19 /* Pods_EcoLifeUITests.framework in Frameworks */,
			);
			runOnlyForDeploymentPostprocessing = 0;
		};
/* End PBXFrameworksBuildPhase section */

/* Begin PBXGroup section */
		130D06D922522ECF00AB0E6B = {
			isa = PBXGroup;
			children = (
				130D06E422522ED000AB0E6B /* EcoLife */,
				130D06F922522ED000AB0E6B /* EcoLifeTests */,
				130D070422522ED000AB0E6B /* EcoLifeUITests */,
				130D06E322522ED000AB0E6B /* Products */,
				E535CEE5E99F861E1CB024CC /* Pods */,
				D8D88D3941CB5367E73370B3 /* Frameworks */,
			);
			sourceTree = "<group>";
		};
		130D06E322522ED000AB0E6B /* Products */ = {
			isa = PBXGroup;
			children = (
				130D06E222522ED000AB0E6B /* EcoLife.app */,
				130D06F622522ED000AB0E6B /* EcoLifeTests.xctest */,
				130D070122522ED000AB0E6B /* EcoLifeUITests.xctest */,
			);
			name = Products;
			sourceTree = "<group>";
		};
		130D06E422522ED000AB0E6B /* EcoLife */ = {
			isa = PBXGroup;
			children = (
				130D06F122522ED000AB0E6B /* Info.plist */,
				130D07132252304500AB0E6B /* GoogleService-Info.plist */,
				130D06E522522ED000AB0E6B /* AppDelegate.swift */,
				130D06EC22522ED000AB0E6B /* Assets.xcassets */,
				1370E0BE225B53A400684D39 /* Controllers */,
				1370E0BF225B541F00684D39 /* Resources */,
				1370E0C0225B545900684D39 /* Storyboards */,
			);
			path = EcoLife;
			sourceTree = "<group>";
		};
		130D06F922522ED000AB0E6B /* EcoLifeTests */ = {
			isa = PBXGroup;
			children = (
				130D06FA22522ED000AB0E6B /* EcoLifeTests.swift */,
				130D06FC22522ED000AB0E6B /* Info.plist */,
			);
			path = EcoLifeTests;
			sourceTree = "<group>";
		};
		130D070422522ED000AB0E6B /* EcoLifeUITests */ = {
			isa = PBXGroup;
			children = (
				130D070522522ED000AB0E6B /* EcoLifeUITests.swift */,
				130D070722522ED000AB0E6B /* Info.plist */,
			);
			path = EcoLifeUITests;
			sourceTree = "<group>";
		};
		1370E0BE225B53A400684D39 /* Controllers */ = {
			isa = PBXGroup;
			children = (
				130D071D22531AAF00AB0E6B /* CustomTabBarController.swift */,
				13EC2066225CC92F00E254BE /* Walkthrough */,
				13EC2067225CC93C00E254BE /* LineChartFormatter */,
				1396B573226883C8009F1732 /* Garden */,
				1396B57022687BCD009F1732 /* Solar */,
			);
			path = Controllers;
			sourceTree = "<group>";
		};
		1370E0BF225B541F00684D39 /* Resources */ = {
			isa = PBXGroup;
			children = (
				1396B58622702283009F1732 /* Beans.jpg */,
				1396B59022702289009F1732 /* Beetroot.jpg */,
				1396B58E22702288009F1732 /* Broad Beans.jpg */,
				1396B59C22702290009F1732 /* Broccoli.jpg */,
				1396B58322702281009F1732 /* Brussel Sprouts.jpg */,
				1396B5A122702294009F1732 /* Cabbage.jpg */,
				1396B59122702289009F1732 /* Capsicum.jpg */,
				1396B5962270228D009F1732 /* Carrot.jpg */,
				1396B5A322702295009F1732 /* Cauliflower.jpg */,
				1396B5932270228B009F1732 /* Chilli.jpg */,
				1396B5A422702295009F1732 /* Chives.jpg */,
				1396B5952270228C009F1732 /* Corainder.jpg */,
				1396B5A622702297009F1732 /* Corn.jpg */,
				1396B58A22702285009F1732 /* Cucumber.jpg */,
				1396B58B22702286009F1732 /* Eggplant.jpg */,
				1396B59F22702292009F1732 /* Garlic.jpg */,
				1396B58222702281009F1732 /* Kale.jpg */,
				1396B58F22702288009F1732 /* Leek.jpg */,
				1396B58D22702287009F1732 /* Lettuce.jpg */,
				1396B5972270228D009F1732 /* Mint.jpg */,
				1396B58722702284009F1732 /* Onion.jpg */,
				1396B58422702282009F1732 /* Oregano.jpg */,
				1396B5A222702294009F1732 /* Pak Choy.jpg */,
				1396B59B2270228F009F1732 /* Parsley.jpg */,
				1396B58822702284009F1732 /* Peas.jpg */,
				1396B5942270228B009F1732 /* Potatoes.jpg */,
				1396B5A022702293009F1732 /* Pumpkin.jpg */,
				1396B58522702283009F1732 /* Radish.jpg */,
				1396B5982270228E009F1732 /* Rocket.jpg */,
				1396B5A522702296009F1732 /* Silverbeet.jpg */,
				1396B59D22702291009F1732 /* Snow Peas.jpg */,
				1396B5922270228A009F1732 /* Spinach.jpg */,
				1396B59E22702291009F1732 /* Spring Onion.jpg */,
				1396B58922702285009F1732 /* Sunflower.jpg */,
				1396B5992270228F009F1732 /* Sweet Corn.jpg */,
				1396B59A2270228F009F1732 /* Tomato.jpg */,
				1396B58C22702287009F1732 /* Zucchini.jpg */,
				1343C133225FB277005775E1 /* logo_1.png */,
				13EC207F225CD8EB00E254BE /* knowyourarea.png */,
				13EC2080225CD8EC00E254BE /* roicalculator.png */,
				1396B580226DA8A6009F1732 /* Basil.jpg */,
				13EC2081225CD8EC00E254BE /* solarpedia.png */,
				13EC2062225C365200E254BE /* icons8-help-32.png */,
				1335FFD92256CEDF00D0925D /* icons8-bar-chart-100.png */,
				1335FFD52255F83A00D0925D /* icons8-computer-monitor-100.png */,
				1335FFD32255EE0F00D0925D /* icons8-lightning-bolt-64.png */,
				1335FFD12255ED8300D0925D /* icons8-solar-panel-64.png */,
			);
			path = Resources;
			sourceTree = "<group>";
		};
		1370E0C0225B545900684D39 /* Storyboards */ = {
			isa = PBXGroup;
			children = (
				130D06EE22522ED000AB0E6B /* LaunchScreen.storyboard */,
				130D06E922522ED000AB0E6B /* Main.storyboard */,
				1335FFED22585F5D00D0925D /* Onboarding.storyboard */,
			);
			path = Storyboards;
			sourceTree = "<group>";
		};
		1396B55E226384A1009F1732 /* BottomPopupController */ = {
			isa = PBXGroup;
			children = (
				1396B55F226384A1009F1732 /* BottomPopupUtils.swift */,
				1396B560226384A1009F1732 /* BottomPopupViewController.swift */,
				1396B561226384A1009F1732 /* BottomPopupDismissInteractionController.swift */,
				1396B562226384A1009F1732 /* BottomPopupNavigationController.swift */,
				1396B563226384A1009F1732 /* BottomPopupDismissAnimator.swift */,
				1396B564226384A1009F1732 /* BottomPopupPresentAnimator.swift */,
				1396B565226384A1009F1732 /* BottomPopupTransitionHandler.swift */,
				1396B566226384A1009F1732 /* BottomPopupPresentationController.swift */,
			);
			path = BottomPopupController;
			sourceTree = "<group>";
		};
		1396B57022687BCD009F1732 /* Solar */ = {
			isa = PBXGroup;
			children = (
				1396B55E226384A1009F1732 /* BottomPopupController */,
				1343C131225FA2A3005775E1 /* SolarCollectionViewCell.swift */,
				1343C12B225E25B3005775E1 /* CollectionViewCell.swift */,
				1396B55A2263821A009F1732 /* ExamplePopupViewController.swift */,
				13EC2064225C52FF00E254BE /* CustomAlertViewController.swift */,
				130D072D22537D6E00AB0E6B /* CustomNavigationController.swift */,
				1343C12F225FA209005775E1 /* SolarCollectionViewController.swift */,
				130D072F2253837800AB0E6B /* MapSearchViewController.swift */,
				1335FFCF2255C04E00D0925D /* DataResultViewController.swift */,
				1335FFDB2256FA4100D0925D /* InstalltionChartViewController.swift */,
				1335FFE322574A0800D0925D /* SolarCalcViewController.swift */,
				13EC2085225CEE4B00E254BE /* SolarSecondCalcViewController.swift */,
				13EC2087225D0C1700E254BE /* SolarCalcResultViewController.swift */,
				1335FFE722582F9100D0925D /* SolarInfoViewController.swift */,
				1343C12D225E4293005775E1 /* AnswerViewController.swift */,
			);
			path = Solar;
			sourceTree = "<group>";
		};
		1396B573226883C8009F1732 /* Garden */ = {
			isa = PBXGroup;
			children = (
				1396B5CC227153A7009F1732 /* CustomCell.swift */,
				1396B57C2269BEC3009F1732 /* ExpandableNames.swift */,
				1396B571226883B8009F1732 /* GardenCollectionViewCell.swift */,
				1396B5742268848C009F1732 /* GardenCollectionViewController.swift */,
				1396B57622697C16009F1732 /* GardenViewController.swift */,
				1396B5D82271E6FF009F1732 /* VegetableGrowingViewController.swift */,
				1396B5DA2271E735009F1732 /* VegetableSowingViewController.swift */,
				1396B57A22698EBE009F1732 /* VegetableViewController.swift */,
				1396B57E226ACC34009F1732 /* VegetableInfoViewController.swift */,
				1396B5CE2271AFFD009F1732 /* CompostQuizViewController.swift */,
				1396B5D02271B058009F1732 /* QuizVC.swift */,
				1396B5D22271B08E009F1732 /* QuizCVCell.swift */,
				1396B5D42271B0AC009F1732 /* ResultVC.swift */,
			);
			path = Garden;
			sourceTree = "<group>";
		};
		13EC2066225CC92F00E254BE /* Walkthrough */ = {
			isa = PBXGroup;
			children = (
				1335FFEF225866C700D0925D /* WalkthroughContentViewController.swift */,
				1335FFF1225868B600D0925D /* WalkthroughPageViewController.swift */,
				1335FFF322586BD800D0925D /* WalkthroughViewController.swift */,
			);
			path = Walkthrough;
			sourceTree = "<group>";
		};
		13EC2067225CC93C00E254BE /* LineChartFormatter */ = {
			isa = PBXGroup;
			children = (
				1335FFE12257336000D0925D /* LineChartFormatter1.swift */,
				13EC2069225CCA0100E254BE /* LineChartFormatter2.swift */,
				13EC206B225CCA1300E254BE /* LineChartFormatter3.swift */,
				13EC206D225CCA2500E254BE /* LineChartFormatter4.swift */,
				13EC206F225CCA3100E254BE /* LineChartFormatter5.swift */,
				13EC2071225CCA3B00E254BE /* LineChartFormatter6.swift */,
			);
			path = LineChartFormatter;
			sourceTree = "<group>";
		};
		D8D88D3941CB5367E73370B3 /* Frameworks */ = {
			isa = PBXGroup;
			children = (
				7779D6C427C3C9DE54588927 /* Pods_EcoLife.framework */,
				EE5E48AF0BF9A7038B02FA66 /* Pods_EcoLifeTests.framework */,
				0BA5813A5B8E62F2DF7547B4 /* Pods_EcoLifeUITests.framework */,
			);
			name = Frameworks;
			sourceTree = "<group>";
		};
		E535CEE5E99F861E1CB024CC /* Pods */ = {
			isa = PBXGroup;
			children = (
				674F46B073B2B2B10EF6091D /* Pods-foursigma.debug.xcconfig */,
				778D4724FDF2715E9D2772DF /* Pods-foursigma.release.xcconfig */,
				488B2547A7CF325FB7F9F266 /* Pods-foursigmaTests.debug.xcconfig */,
				E640CBA5F01E6FD170A9E2FC /* Pods-foursigmaTests.release.xcconfig */,
				28FC2A1BB320CBA27FB2560F /* Pods-foursigmaUITests.debug.xcconfig */,
				6307286961E79B314F4E6240 /* Pods-foursigmaUITests.release.xcconfig */,
				9D431D2DE86A1A51E86F0FB1 /* Pods-EcoLife.debug.xcconfig */,
				B7477A8D07494532231CE18C /* Pods-EcoLife.release.xcconfig */,
				869D7746F0BF3A217A5EB10D /* Pods-EcoLifeTests.debug.xcconfig */,
				E8562CFEEC53CB98F9F4111F /* Pods-EcoLifeTests.release.xcconfig */,
				198158023ED543CF933EB36C /* Pods-EcoLifeUITests.debug.xcconfig */,
				9E855E96DC2D4ED70DD51D14 /* Pods-EcoLifeUITests.release.xcconfig */,
			);
			name = Pods;
			sourceTree = "<group>";
		};
/* End PBXGroup section */

/* Begin PBXNativeTarget section */
		130D06E122522ECF00AB0E6B /* EcoLife */ = {
			isa = PBXNativeTarget;
			buildConfigurationList = 130D070A22522ED000AB0E6B /* Build configuration list for PBXNativeTarget "EcoLife" */;
			buildPhases = (
				8A14891F1298D8AF6B3B4FBE /* [CP] Check Pods Manifest.lock */,
				130D06DE22522ECF00AB0E6B /* Sources */,
				130D06DF22522ECF00AB0E6B /* Frameworks */,
				130D06E022522ECF00AB0E6B /* Resources */,
				9C3BEE1DED527446AAE83593 /* [CP] Embed Pods Frameworks */,
				B7C57068A1890421AFC42F09 /* [CP] Copy Pods Resources */,
			);
			buildRules = (
			);
			dependencies = (
			);
			name = EcoLife;
			productName = foursigma;
			productReference = 130D06E222522ED000AB0E6B /* EcoLife.app */;
			productType = "com.apple.product-type.application";
		};
		130D06F522522ED000AB0E6B /* EcoLifeTests */ = {
			isa = PBXNativeTarget;
			buildConfigurationList = 130D070D22522ED000AB0E6B /* Build configuration list for PBXNativeTarget "EcoLifeTests" */;
			buildPhases = (
				2582CA95D038B6E22E40599B /* [CP] Check Pods Manifest.lock */,
				130D06F222522ED000AB0E6B /* Sources */,
				130D06F322522ED000AB0E6B /* Frameworks */,
				130D06F422522ED000AB0E6B /* Resources */,
			);
			buildRules = (
			);
			dependencies = (
				130D06F822522ED000AB0E6B /* PBXTargetDependency */,
			);
			name = EcoLifeTests;
			productName = foursigmaTests;
			productReference = 130D06F622522ED000AB0E6B /* EcoLifeTests.xctest */;
			productType = "com.apple.product-type.bundle.unit-test";
		};
		130D070022522ED000AB0E6B /* EcoLifeUITests */ = {
			isa = PBXNativeTarget;
			buildConfigurationList = 130D071022522ED000AB0E6B /* Build configuration list for PBXNativeTarget "EcoLifeUITests" */;
			buildPhases = (
				F298B142B9A0EFEDBB287393 /* [CP] Check Pods Manifest.lock */,
				130D06FD22522ED000AB0E6B /* Sources */,
				130D06FE22522ED000AB0E6B /* Frameworks */,
				130D06FF22522ED000AB0E6B /* Resources */,
			);
			buildRules = (
			);
			dependencies = (
				130D070322522ED000AB0E6B /* PBXTargetDependency */,
			);
			name = EcoLifeUITests;
			productName = foursigmaUITests;
			productReference = 130D070122522ED000AB0E6B /* EcoLifeUITests.xctest */;
			productType = "com.apple.product-type.bundle.ui-testing";
		};
/* End PBXNativeTarget section */

/* Begin PBXProject section */
		130D06DA22522ECF00AB0E6B /* Project object */ = {
			isa = PBXProject;
			attributes = {
				LastSwiftUpdateCheck = 1010;
				LastUpgradeCheck = 1010;
				ORGANIZATIONNAME = "YICHEN YAO";
				TargetAttributes = {
					130D06E122522ECF00AB0E6B = {
						CreatedOnToolsVersion = 10.1;
					};
					130D06F522522ED000AB0E6B = {
						CreatedOnToolsVersion = 10.1;
						TestTargetID = 130D06E122522ECF00AB0E6B;
					};
					130D070022522ED000AB0E6B = {
						CreatedOnToolsVersion = 10.1;
						TestTargetID = 130D06E122522ECF00AB0E6B;
					};
				};
			};
			buildConfigurationList = 130D06DD22522ECF00AB0E6B /* Build configuration list for PBXProject "EcoLife" */;
			compatibilityVersion = "Xcode 9.3";
			developmentRegion = en;
			hasScannedForEncodings = 0;
			knownRegions = (
				en,
				Base,
			);
			mainGroup = 130D06D922522ECF00AB0E6B;
			productRefGroup = 130D06E322522ED000AB0E6B /* Products */;
			projectDirPath = "";
			projectRoot = "";
			targets = (
				130D06E122522ECF00AB0E6B /* EcoLife */,
				130D06F522522ED000AB0E6B /* EcoLifeTests */,
				130D070022522ED000AB0E6B /* EcoLifeUITests */,
			);
		};
/* End PBXProject section */

/* Begin PBXResourcesBuildPhase section */
		130D06E022522ECF00AB0E6B /* Resources */ = {
			isa = PBXResourcesBuildPhase;
			buildActionMask = 2147483647;
			files = (
				1396B5B722702297009F1732 /* Spinach.jpg in Resources */,
				1396B5C422702297009F1732 /* Garlic.jpg in Resources */,
				1396B5B422702297009F1732 /* Leek.jpg in Resources */,
				1396B5C922702297009F1732 /* Chives.jpg in Resources */,
				1335FFDA2256CEDF00D0925D /* icons8-bar-chart-100.png in Resources */,
				1396B5AB22702297009F1732 /* Beans.jpg in Resources */,
				1396B5BC22702297009F1732 /* Mint.jpg in Resources */,
				1396B5BD22702297009F1732 /* Rocket.jpg in Resources */,
				1396B5B522702297009F1732 /* Beetroot.jpg in Resources */,
				1396B5B022702297009F1732 /* Eggplant.jpg in Resources */,
				1396B5B322702297009F1732 /* Broad Beans.jpg in Resources */,
				1396B5C722702297009F1732 /* Pak Choy.jpg in Resources */,
				1396B5C622702297009F1732 /* Cabbage.jpg in Resources */,
				13EC2084225CD8ED00E254BE /* solarpedia.png in Resources */,
				1396B5BE22702297009F1732 /* Sweet Corn.jpg in Resources */,
				1396B5B922702297009F1732 /* Potatoes.jpg in Resources */,
				13EC2063225C365200E254BE /* icons8-help-32.png in Resources */,
				1396B5BF22702297009F1732 /* Tomato.jpg in Resources */,
				1335FFD22255ED8300D0925D /* icons8-solar-panel-64.png in Resources */,
				1396B5B822702297009F1732 /* Chilli.jpg in Resources */,
				1396B5C122702297009F1732 /* Broccoli.jpg in Resources */,
				1396B5AC22702297009F1732 /* Onion.jpg in Resources */,
				1396B5A722702297009F1732 /* Kale.jpg in Resources */,
				130D06F022522ED000AB0E6B /* LaunchScreen.storyboard in Resources */,
				1396B5AD22702297009F1732 /* Peas.jpg in Resources */,
				1396B5C322702297009F1732 /* Spring Onion.jpg in Resources */,
				1396B5C822702297009F1732 /* Cauliflower.jpg in Resources */,
				1396B5BA22702297009F1732 /* Corainder.jpg in Resources */,
				13EC2083225CD8ED00E254BE /* roicalculator.png in Resources */,
				1396B5A822702297009F1732 /* Brussel Sprouts.jpg in Resources */,
				1396B5AE22702297009F1732 /* Sunflower.jpg in Resources */,
				1396B5BB22702297009F1732 /* Carrot.jpg in Resources */,
				1343C134225FB277005775E1 /* logo_1.png in Resources */,
				1396B5A922702297009F1732 /* Oregano.jpg in Resources */,
				1396B5C522702297009F1732 /* Pumpkin.jpg in Resources */,
				1335FFD42255EE0F00D0925D /* icons8-lightning-bolt-64.png in Resources */,
				130D07142252304500AB0E6B /* GoogleService-Info.plist in Resources */,
				130D06ED22522ED000AB0E6B /* Assets.xcassets in Resources */,
				1396B5AF22702297009F1732 /* Cucumber.jpg in Resources */,
				1396B581226DA8A6009F1732 /* Basil.jpg in Resources */,
				1396B5B122702297009F1732 /* Zucchini.jpg in Resources */,
				1396B5AA22702297009F1732 /* Radish.jpg in Resources */,
				1396B5C222702297009F1732 /* Snow Peas.jpg in Resources */,
				1396B5B222702297009F1732 /* Lettuce.jpg in Resources */,
				13EC2082225CD8ED00E254BE /* knowyourarea.png in Resources */,
				1335FFD62255F83A00D0925D /* icons8-computer-monitor-100.png in Resources */,
				130D06EB22522ED000AB0E6B /* Main.storyboard in Resources */,
				1396B5C022702297009F1732 /* Parsley.jpg in Resources */,
				1335FFEE22585F5D00D0925D /* Onboarding.storyboard in Resources */,
				1396B5CB22702297009F1732 /* Corn.jpg in Resources */,
				1396B5CA22702297009F1732 /* Silverbeet.jpg in Resources */,
				1396B5B622702297009F1732 /* Capsicum.jpg in Resources */,
			);
			runOnlyForDeploymentPostprocessing = 0;
		};
		130D06F422522ED000AB0E6B /* Resources */ = {
			isa = PBXResourcesBuildPhase;
			buildActionMask = 2147483647;
			files = (
			);
			runOnlyForDeploymentPostprocessing = 0;
		};
		130D06FF22522ED000AB0E6B /* Resources */ = {
			isa = PBXResourcesBuildPhase;
			buildActionMask = 2147483647;
			files = (
			);
			runOnlyForDeploymentPostprocessing = 0;
		};
/* End PBXResourcesBuildPhase section */

/* Begin PBXShellScriptBuildPhase section */
		2582CA95D038B6E22E40599B /* [CP] Check Pods Manifest.lock */ = {
			isa = PBXShellScriptBuildPhase;
			buildActionMask = 2147483647;
			files = (
			);
			inputFileListPaths = (
			);
			inputPaths = (
				"${PODS_PODFILE_DIR_PATH}/Podfile.lock",
				"${PODS_ROOT}/Manifest.lock",
			);
			name = "[CP] Check Pods Manifest.lock";
			outputFileListPaths = (
			);
			outputPaths = (
				"$(DERIVED_FILE_DIR)/Pods-EcoLifeTests-checkManifestLockResult.txt",
			);
			runOnlyForDeploymentPostprocessing = 0;
			shellPath = /bin/sh;
			shellScript = "diff \"${PODS_PODFILE_DIR_PATH}/Podfile.lock\" \"${PODS_ROOT}/Manifest.lock\" > /dev/null\nif [ $? != 0 ] ; then\n    # print error to STDERR\n    echo \"error: The sandbox is not in sync with the Podfile.lock. Run 'pod install' or update your CocoaPods installation.\" >&2\n    exit 1\nfi\n# This output is used by Xcode 'outputs' to avoid re-running this script phase.\necho \"SUCCESS\" > \"${SCRIPT_OUTPUT_FILE_0}\"\n";
			showEnvVarsInLog = 0;
		};
		8A14891F1298D8AF6B3B4FBE /* [CP] Check Pods Manifest.lock */ = {
			isa = PBXShellScriptBuildPhase;
			buildActionMask = 2147483647;
			files = (
			);
			inputFileListPaths = (
			);
			inputPaths = (
				"${PODS_PODFILE_DIR_PATH}/Podfile.lock",
				"${PODS_ROOT}/Manifest.lock",
			);
			name = "[CP] Check Pods Manifest.lock";
			outputFileListPaths = (
			);
			outputPaths = (
				"$(DERIVED_FILE_DIR)/Pods-EcoLife-checkManifestLockResult.txt",
			);
			runOnlyForDeploymentPostprocessing = 0;
			shellPath = /bin/sh;
			shellScript = "diff \"${PODS_PODFILE_DIR_PATH}/Podfile.lock\" \"${PODS_ROOT}/Manifest.lock\" > /dev/null\nif [ $? != 0 ] ; then\n    # print error to STDERR\n    echo \"error: The sandbox is not in sync with the Podfile.lock. Run 'pod install' or update your CocoaPods installation.\" >&2\n    exit 1\nfi\n# This output is used by Xcode 'outputs' to avoid re-running this script phase.\necho \"SUCCESS\" > \"${SCRIPT_OUTPUT_FILE_0}\"\n";
			showEnvVarsInLog = 0;
		};
		9C3BEE1DED527446AAE83593 /* [CP] Embed Pods Frameworks */ = {
			isa = PBXShellScriptBuildPhase;
			buildActionMask = 2147483647;
			files = (
			);
			inputFileListPaths = (
			);
			inputPaths = (
				"${SRCROOT}/Pods/Target Support Files/Pods-EcoLife/Pods-EcoLife-frameworks.sh",
				"${BUILT_PRODUCTS_DIR}/Alamofire/Alamofire.framework",
				"${BUILT_PRODUCTS_DIR}/AutoInsetter/AutoInsetter.framework",
				"${BUILT_PRODUCTS_DIR}/BottomPopup/BottomPopup.framework",
				"${BUILT_PRODUCTS_DIR}/Charts/Charts.framework",
				"${BUILT_PRODUCTS_DIR}/EzPopup/EzPopup.framework",
				"${BUILT_PRODUCTS_DIR}/GTMSessionFetcher/GTMSessionFetcher.framework",
				"${BUILT_PRODUCTS_DIR}/GoogleUtilities/GoogleUtilities.framework",
				"${BUILT_PRODUCTS_DIR}/IQKeyboardManagerSwift/IQKeyboardManagerSwift.framework",
				"${BUILT_PRODUCTS_DIR}/NVActivityIndicatorView/NVActivityIndicatorView.framework",
				"${BUILT_PRODUCTS_DIR}/Pageboy/Pageboy.framework",
				"${BUILT_PRODUCTS_DIR}/RevealingSplashView/RevealingSplashView.framework",
				"${BUILT_PRODUCTS_DIR}/SkyFloatingLabelTextField/SkyFloatingLabelTextField.framework",
				"${BUILT_PRODUCTS_DIR}/SwiftyJSON/SwiftyJSON.framework",
				"${BUILT_PRODUCTS_DIR}/Tabman/Tabman.framework",
				"${BUILT_PRODUCTS_DIR}/ViewAnimator/ViewAnimator.framework",
				"${BUILT_PRODUCTS_DIR}/leveldb-library/leveldb.framework",
				"${BUILT_PRODUCTS_DIR}/nanopb/nanopb.framework",
			);
			name = "[CP] Embed Pods Frameworks";
			outputFileListPaths = (
			);
			outputPaths = (
				"${TARGET_BUILD_DIR}/${FRAMEWORKS_FOLDER_PATH}/Alamofire.framework",
				"${TARGET_BUILD_DIR}/${FRAMEWORKS_FOLDER_PATH}/AutoInsetter.framework",
				"${TARGET_BUILD_DIR}/${FRAMEWORKS_FOLDER_PATH}/BottomPopup.framework",
				"${TARGET_BUILD_DIR}/${FRAMEWORKS_FOLDER_PATH}/Charts.framework",
				"${TARGET_BUILD_DIR}/${FRAMEWORKS_FOLDER_PATH}/EzPopup.framework",
				"${TARGET_BUILD_DIR}/${FRAMEWORKS_FOLDER_PATH}/GTMSessionFetcher.framework",
				"${TARGET_BUILD_DIR}/${FRAMEWORKS_FOLDER_PATH}/GoogleUtilities.framework",
				"${TARGET_BUILD_DIR}/${FRAMEWORKS_FOLDER_PATH}/IQKeyboardManagerSwift.framework",
				"${TARGET_BUILD_DIR}/${FRAMEWORKS_FOLDER_PATH}/NVActivityIndicatorView.framework",
				"${TARGET_BUILD_DIR}/${FRAMEWORKS_FOLDER_PATH}/Pageboy.framework",
				"${TARGET_BUILD_DIR}/${FRAMEWORKS_FOLDER_PATH}/RevealingSplashView.framework",
				"${TARGET_BUILD_DIR}/${FRAMEWORKS_FOLDER_PATH}/SkyFloatingLabelTextField.framework",
				"${TARGET_BUILD_DIR}/${FRAMEWORKS_FOLDER_PATH}/SwiftyJSON.framework",
				"${TARGET_BUILD_DIR}/${FRAMEWORKS_FOLDER_PATH}/Tabman.framework",
				"${TARGET_BUILD_DIR}/${FRAMEWORKS_FOLDER_PATH}/ViewAnimator.framework",
				"${TARGET_BUILD_DIR}/${FRAMEWORKS_FOLDER_PATH}/leveldb.framework",
				"${TARGET_BUILD_DIR}/${FRAMEWORKS_FOLDER_PATH}/nanopb.framework",
			);
			runOnlyForDeploymentPostprocessing = 0;
			shellPath = /bin/sh;
			shellScript = "\"${SRCROOT}/Pods/Target Support Files/Pods-EcoLife/Pods-EcoLife-frameworks.sh\"\n";
			showEnvVarsInLog = 0;
		};
		B7C57068A1890421AFC42F09 /* [CP] Copy Pods Resources */ = {
			isa = PBXShellScriptBuildPhase;
			buildActionMask = 2147483647;
			files = (
			);
			inputFileListPaths = (
			);
			inputPaths = (
				"${SRCROOT}/Pods/Target Support Files/Pods-EcoLife/Pods-EcoLife-resources.sh",
				"${PODS_ROOT}/GoogleMaps/Maps/Frameworks/GoogleMaps.framework/Resources/GoogleMaps.bundle",
				"${PODS_ROOT}/GooglePlaces/Frameworks/GooglePlaces.framework/Resources/GooglePlaces.bundle",
			);
			name = "[CP] Copy Pods Resources";
			outputFileListPaths = (
			);
			outputPaths = (
				"${TARGET_BUILD_DIR}/${UNLOCALIZED_RESOURCES_FOLDER_PATH}/GoogleMaps.bundle",
				"${TARGET_BUILD_DIR}/${UNLOCALIZED_RESOURCES_FOLDER_PATH}/GooglePlaces.bundle",
			);
			runOnlyForDeploymentPostprocessing = 0;
			shellPath = /bin/sh;
			shellScript = "\"${SRCROOT}/Pods/Target Support Files/Pods-EcoLife/Pods-EcoLife-resources.sh\"\n";
			showEnvVarsInLog = 0;
		};
		F298B142B9A0EFEDBB287393 /* [CP] Check Pods Manifest.lock */ = {
			isa = PBXShellScriptBuildPhase;
			buildActionMask = 2147483647;
			files = (
			);
			inputFileListPaths = (
			);
			inputPaths = (
				"${PODS_PODFILE_DIR_PATH}/Podfile.lock",
				"${PODS_ROOT}/Manifest.lock",
			);
			name = "[CP] Check Pods Manifest.lock";
			outputFileListPaths = (
			);
			outputPaths = (
				"$(DERIVED_FILE_DIR)/Pods-EcoLifeUITests-checkManifestLockResult.txt",
			);
			runOnlyForDeploymentPostprocessing = 0;
			shellPath = /bin/sh;
			shellScript = "diff \"${PODS_PODFILE_DIR_PATH}/Podfile.lock\" \"${PODS_ROOT}/Manifest.lock\" > /dev/null\nif [ $? != 0 ] ; then\n    # print error to STDERR\n    echo \"error: The sandbox is not in sync with the Podfile.lock. Run 'pod install' or update your CocoaPods installation.\" >&2\n    exit 1\nfi\n# This output is used by Xcode 'outputs' to avoid re-running this script phase.\necho \"SUCCESS\" > \"${SCRIPT_OUTPUT_FILE_0}\"\n";
			showEnvVarsInLog = 0;
		};
/* End PBXShellScriptBuildPhase section */

/* Begin PBXSourcesBuildPhase section */
		130D06DE22522ECF00AB0E6B /* Sources */ = {
			isa = PBXSourcesBuildPhase;
			buildActionMask = 2147483647;
			files = (
				1396B56C226384A1009F1732 /* BottomPopupPresentAnimator.swift in Sources */,
				1343C132225FA2A3005775E1 /* SolarCollectionViewCell.swift in Sources */,
				1335FFE822582F9100D0925D /* SolarInfoViewController.swift in Sources */,
				13EC206E225CCA2500E254BE /* LineChartFormatter4.swift in Sources */,
				1396B55B2263821A009F1732 /* ExamplePopupViewController.swift in Sources */,
				1396B5D32271B08E009F1732 /* QuizCVCell.swift in Sources */,
				1396B57722697C16009F1732 /* GardenViewController.swift in Sources */,
				1343C130225FA209005775E1 /* SolarCollectionViewController.swift in Sources */,
				1335FFF422586BD800D0925D /* WalkthroughViewController.swift in Sources */,
				13EC2070225CCA3100E254BE /* LineChartFormatter5.swift in Sources */,
				1396B569226384A1009F1732 /* BottomPopupDismissInteractionController.swift in Sources */,
				1343C12E225E4293005775E1 /* AnswerViewController.swift in Sources */,
				130D06E622522ED000AB0E6B /* AppDelegate.swift in Sources */,
				1396B572226883B8009F1732 /* GardenCollectionViewCell.swift in Sources */,
				13EC2086225CEE4B00E254BE /* SolarSecondCalcViewController.swift in Sources */,
				1396B567226384A1009F1732 /* BottomPopupUtils.swift in Sources */,
				13EC206A225CCA0100E254BE /* LineChartFormatter2.swift in Sources */,
				1335FFE422574A0800D0925D /* SolarCalcViewController.swift in Sources */,
				1396B57F226ACC34009F1732 /* VegetableInfoViewController.swift in Sources */,
				13EC206C225CCA1300E254BE /* LineChartFormatter3.swift in Sources */,
				1396B56D226384A1009F1732 /* BottomPopupTransitionHandler.swift in Sources */,
				1396B568226384A1009F1732 /* BottomPopupViewController.swift in Sources */,
				1335FFF0225866C700D0925D /* WalkthroughContentViewController.swift in Sources */,
				1343C12C225E25B3005775E1 /* CollectionViewCell.swift in Sources */,
				1396B5D52271B0AC009F1732 /* ResultVC.swift in Sources */,
				1396B5752268848C009F1732 /* GardenCollectionViewController.swift in Sources */,
				130D07302253837800AB0E6B /* MapSearchViewController.swift in Sources */,
				1396B5DB2271E735009F1732 /* VegetableSowingViewController.swift in Sources */,
				1396B56A226384A1009F1732 /* BottomPopupNavigationController.swift in Sources */,
				1396B5CF2271AFFD009F1732 /* CompostQuizViewController.swift in Sources */,
				13EC2088225D0C1700E254BE /* SolarCalcResultViewController.swift in Sources */,
				1396B5CD227153A7009F1732 /* CustomCell.swift in Sources */,
				130D072E22537D6F00AB0E6B /* CustomNavigationController.swift in Sources */,
				1396B57B22698EBE009F1732 /* VegetableViewController.swift in Sources */,
				1396B5D92271E6FF009F1732 /* VegetableGrowingViewController.swift in Sources */,
				1335FFDC2256FA4100D0925D /* InstalltionChartViewController.swift in Sources */,
				1396B57D2269BEC3009F1732 /* ExpandableNames.swift in Sources */,
				1335FFF2225868B600D0925D /* WalkthroughPageViewController.swift in Sources */,
				13EC2072225CCA3B00E254BE /* LineChartFormatter6.swift in Sources */,
				1335FFE22257336000D0925D /* LineChartFormatter1.swift in Sources */,
				13EC2065225C52FF00E254BE /* CustomAlertViewController.swift in Sources */,
				1396B5D12271B058009F1732 /* QuizVC.swift in Sources */,
				1396B56B226384A1009F1732 /* BottomPopupDismissAnimator.swift in Sources */,
				1335FFD02255C04E00D0925D /* DataResultViewController.swift in Sources */,
				130D071E22531AAF00AB0E6B /* CustomTabBarController.swift in Sources */,
				1396B56E226384A1009F1732 /* BottomPopupPresentationController.swift in Sources */,
			);
			runOnlyForDeploymentPostprocessing = 0;
		};
		130D06F222522ED000AB0E6B /* Sources */ = {
			isa = PBXSourcesBuildPhase;
			buildActionMask = 2147483647;
			files = (
			);
			runOnlyForDeploymentPostprocessing = 0;
		};
		130D06FD22522ED000AB0E6B /* Sources */ = {
			isa = PBXSourcesBuildPhase;
			buildActionMask = 2147483647;
			files = (
				130D070622522ED000AB0E6B /* EcoLifeUITests.swift in Sources */,
			);
			runOnlyForDeploymentPostprocessing = 0;
		};
/* End PBXSourcesBuildPhase section */

/* Begin PBXTargetDependency section */
		130D06F822522ED000AB0E6B /* PBXTargetDependency */ = {
			isa = PBXTargetDependency;
			target = 130D06E122522ECF00AB0E6B /* EcoLife */;
			targetProxy = 130D06F722522ED000AB0E6B /* PBXContainerItemProxy */;
		};
		130D070322522ED000AB0E6B /* PBXTargetDependency */ = {
			isa = PBXTargetDependency;
			target = 130D06E122522ECF00AB0E6B /* EcoLife */;
			targetProxy = 130D070222522ED000AB0E6B /* PBXContainerItemProxy */;
		};
/* End PBXTargetDependency section */

/* Begin PBXVariantGroup section */
		130D06E922522ED000AB0E6B /* Main.storyboard */ = {
			isa = PBXVariantGroup;
			children = (
				130D06EA22522ED000AB0E6B /* Base */,
			);
			name = Main.storyboard;
			sourceTree = "<group>";
		};
		130D06EE22522ED000AB0E6B /* LaunchScreen.storyboard */ = {
			isa = PBXVariantGroup;
			children = (
				130D06EF22522ED000AB0E6B /* Base */,
			);
			name = LaunchScreen.storyboard;
			sourceTree = "<group>";
		};
/* End PBXVariantGroup section */

/* Begin XCBuildConfiguration section */
		130D070822522ED000AB0E6B /* Debug */ = {
			isa = XCBuildConfiguration;
			buildSettings = {
				ALWAYS_SEARCH_USER_PATHS = NO;
				CLANG_ANALYZER_NONNULL = YES;
				CLANG_ANALYZER_NUMBER_OBJECT_CONVERSION = YES_AGGRESSIVE;
				CLANG_CXX_LANGUAGE_STANDARD = "gnu++14";
				CLANG_CXX_LIBRARY = "libc++";
				CLANG_ENABLE_MODULES = YES;
				CLANG_ENABLE_OBJC_ARC = YES;
				CLANG_ENABLE_OBJC_WEAK = YES;
				CLANG_WARN_BLOCK_CAPTURE_AUTORELEASING = YES;
				CLANG_WARN_BOOL_CONVERSION = YES;
				CLANG_WARN_COMMA = YES;
				CLANG_WARN_CONSTANT_CONVERSION = YES;
				CLANG_WARN_DEPRECATED_OBJC_IMPLEMENTATIONS = YES;
				CLANG_WARN_DIRECT_OBJC_ISA_USAGE = YES_ERROR;
				CLANG_WARN_DOCUMENTATION_COMMENTS = YES;
				CLANG_WARN_EMPTY_BODY = YES;
				CLANG_WARN_ENUM_CONVERSION = YES;
				CLANG_WARN_INFINITE_RECURSION = YES;
				CLANG_WARN_INT_CONVERSION = YES;
				CLANG_WARN_NON_LITERAL_NULL_CONVERSION = YES;
				CLANG_WARN_OBJC_IMPLICIT_RETAIN_SELF = YES;
				CLANG_WARN_OBJC_LITERAL_CONVERSION = YES;
				CLANG_WARN_OBJC_ROOT_CLASS = YES_ERROR;
				CLANG_WARN_RANGE_LOOP_ANALYSIS = YES;
				CLANG_WARN_STRICT_PROTOTYPES = YES;
				CLANG_WARN_SUSPICIOUS_MOVE = YES;
				CLANG_WARN_UNGUARDED_AVAILABILITY = YES_AGGRESSIVE;
				CLANG_WARN_UNREACHABLE_CODE = YES;
				CLANG_WARN__DUPLICATE_METHOD_MATCH = YES;
				CODE_SIGN_IDENTITY = "iPhone Developer";
				COPY_PHASE_STRIP = NO;
				DEBUG_INFORMATION_FORMAT = dwarf;
				ENABLE_STRICT_OBJC_MSGSEND = YES;
				ENABLE_TESTABILITY = YES;
				GCC_C_LANGUAGE_STANDARD = gnu11;
				GCC_DYNAMIC_NO_PIC = NO;
				GCC_NO_COMMON_BLOCKS = YES;
				GCC_OPTIMIZATION_LEVEL = 0;
				GCC_PREPROCESSOR_DEFINITIONS = (
					"DEBUG=1",
					"$(inherited)",
				);
				GCC_WARN_64_TO_32_BIT_CONVERSION = YES;
				GCC_WARN_ABOUT_RETURN_TYPE = YES_ERROR;
				GCC_WARN_UNDECLARED_SELECTOR = YES;
				GCC_WARN_UNINITIALIZED_AUTOS = YES_AGGRESSIVE;
				GCC_WARN_UNUSED_FUNCTION = YES;
				GCC_WARN_UNUSED_VARIABLE = YES;
				IPHONEOS_DEPLOYMENT_TARGET = 12.1;
				MTL_ENABLE_DEBUG_INFO = INCLUDE_SOURCE;
				MTL_FAST_MATH = YES;
				ONLY_ACTIVE_ARCH = YES;
				SDKROOT = iphoneos;
				SWIFT_ACTIVE_COMPILATION_CONDITIONS = DEBUG;
				SWIFT_OPTIMIZATION_LEVEL = "-Onone";
			};
			name = Debug;
		};
		130D070922522ED000AB0E6B /* Release */ = {
			isa = XCBuildConfiguration;
			buildSettings = {
				ALWAYS_SEARCH_USER_PATHS = NO;
				CLANG_ANALYZER_NONNULL = YES;
				CLANG_ANALYZER_NUMBER_OBJECT_CONVERSION = YES_AGGRESSIVE;
				CLANG_CXX_LANGUAGE_STANDARD = "gnu++14";
				CLANG_CXX_LIBRARY = "libc++";
				CLANG_ENABLE_MODULES = YES;
				CLANG_ENABLE_OBJC_ARC = YES;
				CLANG_ENABLE_OBJC_WEAK = YES;
				CLANG_WARN_BLOCK_CAPTURE_AUTORELEASING = YES;
				CLANG_WARN_BOOL_CONVERSION = YES;
				CLANG_WARN_COMMA = YES;
				CLANG_WARN_CONSTANT_CONVERSION = YES;
				CLANG_WARN_DEPRECATED_OBJC_IMPLEMENTATIONS = YES;
				CLANG_WARN_DIRECT_OBJC_ISA_USAGE = YES_ERROR;
				CLANG_WARN_DOCUMENTATION_COMMENTS = YES;
				CLANG_WARN_EMPTY_BODY = YES;
				CLANG_WARN_ENUM_CONVERSION = YES;
				CLANG_WARN_INFINITE_RECURSION = YES;
				CLANG_WARN_INT_CONVERSION = YES;
				CLANG_WARN_NON_LITERAL_NULL_CONVERSION = YES;
				CLANG_WARN_OBJC_IMPLICIT_RETAIN_SELF = YES;
				CLANG_WARN_OBJC_LITERAL_CONVERSION = YES;
				CLANG_WARN_OBJC_ROOT_CLASS = YES_ERROR;
				CLANG_WARN_RANGE_LOOP_ANALYSIS = YES;
				CLANG_WARN_STRICT_PROTOTYPES = YES;
				CLANG_WARN_SUSPICIOUS_MOVE = YES;
				CLANG_WARN_UNGUARDED_AVAILABILITY = YES_AGGRESSIVE;
				CLANG_WARN_UNREACHABLE_CODE = YES;
				CLANG_WARN__DUPLICATE_METHOD_MATCH = YES;
				CODE_SIGN_IDENTITY = "iPhone Developer";
				COPY_PHASE_STRIP = NO;
				DEBUG_INFORMATION_FORMAT = "dwarf-with-dsym";
				ENABLE_NS_ASSERTIONS = NO;
				ENABLE_STRICT_OBJC_MSGSEND = YES;
				GCC_C_LANGUAGE_STANDARD = gnu11;
				GCC_NO_COMMON_BLOCKS = YES;
				GCC_WARN_64_TO_32_BIT_CONVERSION = YES;
				GCC_WARN_ABOUT_RETURN_TYPE = YES_ERROR;
				GCC_WARN_UNDECLARED_SELECTOR = YES;
				GCC_WARN_UNINITIALIZED_AUTOS = YES_AGGRESSIVE;
				GCC_WARN_UNUSED_FUNCTION = YES;
				GCC_WARN_UNUSED_VARIABLE = YES;
				IPHONEOS_DEPLOYMENT_TARGET = 12.1;
				MTL_ENABLE_DEBUG_INFO = NO;
				MTL_FAST_MATH = YES;
				SDKROOT = iphoneos;
				SWIFT_COMPILATION_MODE = wholemodule;
				SWIFT_OPTIMIZATION_LEVEL = "-O";
				VALIDATE_PRODUCT = YES;
			};
			name = Release;
		};
		130D070B22522ED000AB0E6B /* Debug */ = {
			isa = XCBuildConfiguration;
			baseConfigurationReference = 9D431D2DE86A1A51E86F0FB1 /* Pods-EcoLife.debug.xcconfig */;
			buildSettings = {
				ASSETCATALOG_COMPILER_APPICON_NAME = AppIcon;
				CODE_SIGN_STYLE = Automatic;
				DEVELOPMENT_TEAM = RSHMX275W2;
				INFOPLIST_FILE = EcoLife/Info.plist;
				LD_RUNPATH_SEARCH_PATHS = (
					"$(inherited)",
					"@executable_path/Frameworks",
				);
				PRODUCT_BUNDLE_IDENTIFIER = Monash.EcoLife;
				PRODUCT_NAME = "$(TARGET_NAME)";
				SWIFT_VERSION = 4.2;
				TARGETED_DEVICE_FAMILY = "1,2";
			};
			name = Debug;
		};
		130D070C22522ED000AB0E6B /* Release */ = {
			isa = XCBuildConfiguration;
			baseConfigurationReference = B7477A8D07494532231CE18C /* Pods-EcoLife.release.xcconfig */;
			buildSettings = {
				ASSETCATALOG_COMPILER_APPICON_NAME = AppIcon;
				CODE_SIGN_STYLE = Automatic;
				DEVELOPMENT_TEAM = RSHMX275W2;
				INFOPLIST_FILE = EcoLife/Info.plist;
				LD_RUNPATH_SEARCH_PATHS = (
					"$(inherited)",
					"@executable_path/Frameworks",
				);
				PRODUCT_BUNDLE_IDENTIFIER = Monash.EcoLife;
				PRODUCT_NAME = "$(TARGET_NAME)";
				SWIFT_VERSION = 4.2;
				TARGETED_DEVICE_FAMILY = "1,2";
			};
			name = Release;
		};
		130D070E22522ED000AB0E6B /* Debug */ = {
			isa = XCBuildConfiguration;
			baseConfigurationReference = 869D7746F0BF3A217A5EB10D /* Pods-EcoLifeTests.debug.xcconfig */;
			buildSettings = {
				ALWAYS_EMBED_SWIFT_STANDARD_LIBRARIES = YES;
				BUNDLE_LOADER = "$(TEST_HOST)";
				CODE_SIGN_STYLE = Automatic;
				DEVELOPMENT_TEAM = RSHMX275W2;
				INFOPLIST_FILE = foursigmaTests/Info.plist;
				LD_RUNPATH_SEARCH_PATHS = (
					"$(inherited)",
					"@executable_path/Frameworks",
					"@loader_path/Frameworks",
				);
				PRODUCT_BUNDLE_IDENTIFIER = Monash.foursigmaTests;
				PRODUCT_NAME = "$(TARGET_NAME)";
				SWIFT_VERSION = 4.2;
				TARGETED_DEVICE_FAMILY = "1,2";
				TEST_HOST = "$(BUILT_PRODUCTS_DIR)/EcoLife.app/EcoLife";
			};
			name = Debug;
		};
		130D070F22522ED000AB0E6B /* Release */ = {
			isa = XCBuildConfiguration;
			baseConfigurationReference = E8562CFEEC53CB98F9F4111F /* Pods-EcoLifeTests.release.xcconfig */;
			buildSettings = {
				ALWAYS_EMBED_SWIFT_STANDARD_LIBRARIES = YES;
				BUNDLE_LOADER = "$(TEST_HOST)";
				CODE_SIGN_STYLE = Automatic;
				DEVELOPMENT_TEAM = RSHMX275W2;
				INFOPLIST_FILE = foursigmaTests/Info.plist;
				LD_RUNPATH_SEARCH_PATHS = (
					"$(inherited)",
					"@executable_path/Frameworks",
					"@loader_path/Frameworks",
				);
				PRODUCT_BUNDLE_IDENTIFIER = Monash.foursigmaTests;
				PRODUCT_NAME = "$(TARGET_NAME)";
				SWIFT_VERSION = 4.2;
				TARGETED_DEVICE_FAMILY = "1,2";
				TEST_HOST = "$(BUILT_PRODUCTS_DIR)/EcoLife.app/EcoLife";
			};
			name = Release;
		};
		130D071122522ED000AB0E6B /* Debug */ = {
			isa = XCBuildConfiguration;
			baseConfigurationReference = 198158023ED543CF933EB36C /* Pods-EcoLifeUITests.debug.xcconfig */;
			buildSettings = {
				ALWAYS_EMBED_SWIFT_STANDARD_LIBRARIES = YES;
				CODE_SIGN_STYLE = Automatic;
				DEVELOPMENT_TEAM = RSHMX275W2;
				INFOPLIST_FILE = foursigmaUITests/Info.plist;
				LD_RUNPATH_SEARCH_PATHS = (
					"$(inherited)",
					"@executable_path/Frameworks",
					"@loader_path/Frameworks",
				);
				PRODUCT_BUNDLE_IDENTIFIER = Monash.foursigmaUITests;
				PRODUCT_NAME = "$(TARGET_NAME)";
				SWIFT_VERSION = 4.2;
				TARGETED_DEVICE_FAMILY = "1,2";
				TEST_TARGET_NAME = foursigma;
			};
			name = Debug;
		};
		130D071222522ED000AB0E6B /* Release */ = {
			isa = XCBuildConfiguration;
			baseConfigurationReference = 9E855E96DC2D4ED70DD51D14 /* Pods-EcoLifeUITests.release.xcconfig */;
			buildSettings = {
				ALWAYS_EMBED_SWIFT_STANDARD_LIBRARIES = YES;
				CODE_SIGN_STYLE = Automatic;
				DEVELOPMENT_TEAM = RSHMX275W2;
				INFOPLIST_FILE = foursigmaUITests/Info.plist;
				LD_RUNPATH_SEARCH_PATHS = (
					"$(inherited)",
					"@executable_path/Frameworks",
					"@loader_path/Frameworks",
				);
				PRODUCT_BUNDLE_IDENTIFIER = Monash.foursigmaUITests;
				PRODUCT_NAME = "$(TARGET_NAME)";
				SWIFT_VERSION = 4.2;
				TARGETED_DEVICE_FAMILY = "1,2";
				TEST_TARGET_NAME = foursigma;
			};
			name = Release;
		};
/* End XCBuildConfiguration section */

/* Begin XCConfigurationList section */
		130D06DD22522ECF00AB0E6B /* Build configuration list for PBXProject "EcoLife" */ = {
			isa = XCConfigurationList;
			buildConfigurations = (
				130D070822522ED000AB0E6B /* Debug */,
				130D070922522ED000AB0E6B /* Release */,
			);
			defaultConfigurationIsVisible = 0;
			defaultConfigurationName = Release;
		};
		130D070A22522ED000AB0E6B /* Build configuration list for PBXNativeTarget "EcoLife" */ = {
			isa = XCConfigurationList;
			buildConfigurations = (
				130D070B22522ED000AB0E6B /* Debug */,
				130D070C22522ED000AB0E6B /* Release */,
			);
			defaultConfigurationIsVisible = 0;
			defaultConfigurationName = Release;
		};
		130D070D22522ED000AB0E6B /* Build configuration list for PBXNativeTarget "EcoLifeTests" */ = {
			isa = XCConfigurationList;
			buildConfigurations = (
				130D070E22522ED000AB0E6B /* Debug */,
				130D070F22522ED000AB0E6B /* Release */,
			);
			defaultConfigurationIsVisible = 0;
			defaultConfigurationName = Release;
		};
		130D071022522ED000AB0E6B /* Build configuration list for PBXNativeTarget "EcoLifeUITests" */ = {
			isa = XCConfigurationList;
			buildConfigurations = (
				130D071122522ED000AB0E6B /* Debug */,
				130D071222522ED000AB0E6B /* Release */,
			);
			defaultConfigurationIsVisible = 0;
			defaultConfigurationName = Release;
		};
/* End XCConfigurationList section */
	};
	rootObject = 130D06DA22522ECF00AB0E6B /* Project object */;
}
